// !$*UTF8*$!
{
	archiveVersion = 1;
	classes = {
	};
	objectVersion = 46;
	objects = {

/* Begin PBXBuildFile section */
		C96E75F419F8F6DD00148261 /* main.cpp in Sources */ = {isa = PBXBuildFile; fileRef = C96E75F319F8F6DD00148261 /* main.cpp */; };
		C96E75F619F8F9B700148261 /* README.md in Sources */ = {isa = PBXBuildFile; fileRef = C96E75F519F8F9B700148261 /* README.md */; };
/* End PBXBuildFile section */

/* Begin PBXCopyFilesBuildPhase section */
		C96E75E419F8F69B00148261 /* CopyFiles */ = {
			isa = PBXCopyFilesBuildPhase;
			buildActionMask = 2147483647;
			dstPath = /usr/share/man/man1/;
			dstSubfolderSpec = 0;
			files = (
			);
			runOnlyForDeploymentPostprocessing = 1;
		};
/* End PBXCopyFilesBuildPhase section */

/* Begin PBXFileReference section */
		C96E75E619F8F69B00148261 /* ocmesh */ = {isa = PBXFileReference; explicitFileType = "compiled.mach-o.executable"; includeInIndex = 0; path = ocmesh; sourceTree = BUILT_PRODUCTS_DIR; };
		C96E75F319F8F6DD00148261 /* main.cpp */ = {isa = PBXFileReference; fileEncoding = 4; lastKnownFileType = sourcecode.cpp.cpp; path = main.cpp; sourceTree = "<group>"; };
		C96E75F519F8F9B700148261 /* README.md */ = {isa = PBXFileReference; fileEncoding = 4; lastKnownFileType = net.daringfireball.markdown; path = README.md; sourceTree = "<group>"; };
/* End PBXFileReference section */

/* Begin PBXFrameworksBuildPhase section */
		C96E75E319F8F69B00148261 /* Frameworks */ = {
			isa = PBXFrameworksBuildPhase;
			buildActionMask = 2147483647;
			files = (
			);
			runOnlyForDeploymentPostprocessing = 0;
		};
/* End PBXFrameworksBuildPhase section */

/* Begin PBXGroup section */
		C96E75DD19F8F69B00148261 = {
			isa = PBXGroup;
			children = (
				C96E75F519F8F9B700148261 /* README.md */,
				C96E75F019F8F6DD00148261 /* src */,
				C96E75E719F8F69B00148261 /* Products */,
			);
			sourceTree = "<group>";
		};
		C96E75E719F8F69B00148261 /* Products */ = {
			isa = PBXGroup;
			children = (
				C96E75E619F8F69B00148261 /* ocmesh */,
			);
			name = Products;
			sourceTree = "<group>";
		};
		C96E75F019F8F6DD00148261 /* src */ = {
			isa = PBXGroup;
			children = (
				C96E75F119F8F6DD00148261 /* lib */,
				C96E75F219F8F6DD00148261 /* test */,
			);
			path = src;
			sourceTree = "<group>";
		};
		C96E75F119F8F6DD00148261 /* lib */ = {
			isa = PBXGroup;
			children = (
			);
			path = lib;
			sourceTree = "<group>";
		};
		C96E75F219F8F6DD00148261 /* test */ = {
			isa = PBXGroup;
			children = (
				C96E75F319F8F6DD00148261 /* main.cpp */,
			);
			path = test;
			sourceTree = "<group>";
		};
/* End PBXGroup section */

/* Begin PBXNativeTarget section */
		C96E75E519F8F69B00148261 /* ocmesh */ = {
			isa = PBXNativeTarget;
			buildConfigurationList = C96E75ED19F8F69B00148261 /* Build configuration list for PBXNativeTarget "ocmesh" */;
			buildPhases = (
				C96E75E219F8F69B00148261 /* Sources */,
				C96E75E319F8F69B00148261 /* Frameworks */,
				C96E75E419F8F69B00148261 /* CopyFiles */,
			);
			buildRules = (
			);
			dependencies = (
			);
			name = ocmesh;
			productName = ocmesh;
			productReference = C96E75E619F8F69B00148261 /* ocmesh */;
			productType = "com.apple.product-type.tool";
		};
/* End PBXNativeTarget section */

/* Begin PBXProject section */
		C96E75DE19F8F69B00148261 /* Project object */ = {
			isa = PBXProject;
			attributes = {
				LastUpgradeCheck = 0610;
				ORGANIZATIONNAME = "Nicola Gigante";
				TargetAttributes = {
					C96E75E519F8F69B00148261 = {
						CreatedOnToolsVersion = 6.1;
					};
				};
			};
			buildConfigurationList = C96E75E119F8F69B00148261 /* Build configuration list for PBXProject "ocmesh" */;
			compatibilityVersion = "Xcode 3.2";
			developmentRegion = English;
			hasScannedForEncodings = 0;
			knownRegions = (
				en,
			);
			mainGroup = C96E75DD19F8F69B00148261;
			productRefGroup = C96E75E719F8F69B00148261 /* Products */;
			projectDirPath = "";
			projectRoot = "";
			targets = (
				C96E75E519F8F69B00148261 /* ocmesh */,
			);
		};
/* End PBXProject section */

/* Begin PBXSourcesBuildPhase section */
		C96E75E219F8F69B00148261 /* Sources */ = {
			isa = PBXSourcesBuildPhase;
			buildActionMask = 2147483647;
			files = (
				C96E75F619F8F9B700148261 /* README.md in Sources */,
				C96E75F419F8F6DD00148261 /* main.cpp in Sources */,
			);
			runOnlyForDeploymentPostprocessing = 0;
		};
/* End PBXSourcesBuildPhase section */

/* Begin XCBuildConfiguration section */
		C96E75EB19F8F69B00148261 /* Debug */ = {
			isa = XCBuildConfiguration;
			buildSettings = {
				ALWAYS_SEARCH_USER_PATHS = NO;
				CLANG_CXX_LANGUAGE_STANDARD = "c++0x";
				CLANG_CXX_LIBRARY = "libc++";
				CLANG_ENABLE_MODULES = YES;
				CLANG_ENABLE_OBJC_ARC = YES;
				CLANG_WARN_BOOL_CONVERSION = YES;
				CLANG_WARN_CONSTANT_CONVERSION = YES;
				CLANG_WARN_DIRECT_OBJC_ISA_USAGE = YES_ERROR;
				CLANG_WARN_EMPTY_BODY = YES;
				CLANG_WARN_ENUM_CONVERSION = YES;
				CLANG_WARN_INT_CONVERSION = YES;
				CLANG_WARN_OBJC_ROOT_CLASS = YES_ERROR;
				CLANG_WARN_UNREACHABLE_CODE = YES;
				CLANG_WARN__DUPLICATE_METHOD_MATCH = YES;
				COPY_PHASE_STRIP = NO;
				ENABLE_STRICT_OBJC_MSGSEND = YES;
				GCC_C_LANGUAGE_STANDARD = gnu99;
				GCC_DYNAMIC_NO_PIC = NO;
				GCC_OPTIMIZATION_LEVEL = 0;
				GCC_PREPROCESSOR_DEFINITIONS = (
					"DEBUG=1",
					"$(inherited)",
				);
				GCC_SYMBOLS_PRIVATE_EXTERN = NO;
				GCC_WARN_64_TO_32_BIT_CONVERSION = YES;
				GCC_WARN_ABOUT_RETURN_TYPE = YES_ERROR;
				GCC_WARN_UNDECLARED_SELECTOR = YES;
				GCC_WARN_UNINITIALIZED_AUTOS = YES_AGGRESSIVE;
				GCC_WARN_UNUSED_FUNCTION = YES;
				GCC_WARN_UNUSED_VARIABLE = YES;
				MACOSX_DEPLOYMENT_TARGET = 10.10;
				MTL_ENABLE_DEBUG_INFO = YES;
				ONLY_ACTIVE_ARCH = YES;
				SDKROOT = macosx;
			};
			name = Debug;
		};
		C96E75EC19F8F69B00148261 /* Release */ = {
			isa = XCBuildConfiguration;
			buildSettings = {
				ALWAYS_SEARCH_USER_PATHS = NO;
				CLANG_CXX_LANGUAGE_STANDARD = "c++0x";
				CLANG_CXX_LIBRARY = "libc++";
				CLANG_ENABLE_MODULES = YES;
				CLANG_ENABLE_OBJC_ARC = YES;
				CLANG_WARN_BOOL_CONVERSION = YES;
				CLANG_WARN_CONSTANT_CONVERSION = YES;
				CLANG_WARN_DIRECT_OBJC_ISA_USAGE = YES_ERROR;
				CLANG_WARN_EMPTY_BODY = YES;
				CLANG_WARN_ENUM_CONVERSION = YES;
				CLANG_WARN_INT_CONVERSION = YES;
				CLANG_WARN_OBJC_ROOT_CLASS = YES_ERROR;
				CLANG_WARN_UNREACHABLE_CODE = YES;
				CLANG_WARN__DUPLICATE_METHOD_MATCH = YES;
				COPY_PHASE_STRIP = YES;
				DEBUG_INFORMATION_FORMAT = "dwarf-with-dsym";
				ENABLE_NS_ASSERTIONS = NO;
				ENABLE_STRICT_OBJC_MSGSEND = YES;
				GCC_C_LANGUAGE_STANDARD = gnu99;
				GCC_OPTIMIZATION_LEVEL = fast;
				GCC_PREPROCESSOR_DEFINITIONS = NDEBUG;
				GCC_WARN_64_TO_32_BIT_CONVERSION = YES;
				GCC_WARN_ABOUT_RETURN_TYPE = YES_ERROR;
				GCC_WARN_UNDECLARED_SELECTOR = YES;
				GCC_WARN_UNINITIALIZED_AUTOS = YES_AGGRESSIVE;
				GCC_WARN_UNUSED_FUNCTION = YES;
				GCC_WARN_UNUSED_VARIABLE = YES;
				MACOSX_DEPLOYMENT_TARGET = 10.10;
				MTL_ENABLE_DEBUG_INFO = NO;
				SDKROOT = macosx;
			};
			name = Release;
		};
		C96E75EE19F8F69B00148261 /* Debug */ = {
			isa = XCBuildConfiguration;
			buildSettings = {
				PRODUCT_NAME = "$(TARGET_NAME)";
			};
			name = Debug;
		};
		C96E75EF19F8F69B00148261 /* Release */ = {
			isa = XCBuildConfiguration;
			buildSettings = {
				PRODUCT_NAME = "$(TARGET_NAME)";
			};
			name = Release;
		};
/* End XCBuildConfiguration section */

/* Begin XCConfigurationList section */
		C96E75E119F8F69B00148261 /* Build configuration list for PBXProject "ocmesh" */ = {
			isa = XCConfigurationList;
			buildConfigurations = (
				C96E75EB19F8F69B00148261 /* Debug */,
				C96E75EC19F8F69B00148261 /* Release */,
			);
			defaultConfigurationIsVisible = 0;
			defaultConfigurationName = Release;
		};
		C96E75ED19F8F69B00148261 /* Build configuration list for PBXNativeTarget "ocmesh" */ = {
			isa = XCConfigurationList;
			buildConfigurations = (
				C96E75EE19F8F69B00148261 /* Debug */,
				C96E75EF19F8F69B00148261 /* Release */,
			);
			defaultConfigurationIsVisible = 0;
		};
/* End XCConfigurationList section */
	};
	rootObject = C96E75DE19F8F69B00148261 /* Project object */;
}
