// !$*UTF8*$!
{
	archiveVersion = 1;
	classes = {
	};
	objectVersion = 46;
	objects = {

/* Begin PBXBuildFile section */
		C95005311A4AF478009BD371 /* csg_parser.cpp in Sources */ = {isa = PBXBuildFile; fileRef = C95005301A4AF478009BD371 /* csg_parser.cpp */; };
		C96E770019F951E800148261 /* main.cpp in Sources */ = {isa = PBXBuildFile; fileRef = C96E76FF19F951E800148261 /* main.cpp */; };
		C96E770219F951FB00148261 /* csg.cpp in Sources */ = {isa = PBXBuildFile; fileRef = C96E770119F951FB00148261 /* csg.cpp */; };
		C9A41EB41A50ACB300DE285E /* obj.cpp in Sources */ = {isa = PBXBuildFile; fileRef = C9A41EB21A50ACB300DE285E /* obj.cpp */; };
		C9EAC3941A474BC2001CB704 /* octree.cpp in Sources */ = {isa = PBXBuildFile; fileRef = C9EAC3931A474BC2001CB704 /* octree.cpp */; };
/* End PBXBuildFile section */

/* Begin PBXContainerItemProxy section */
		C97665221A0A320D008FF705 /* PBXContainerItemProxy */ = {
			isa = PBXContainerItemProxy;
			containerPortal = C9A60E6819FBD79300C8297B /* cpputils.xcodeproj */;
			proxyType = 2;
			remoteGlobalIDString = C9ABB90E19AC6B6A009FBA83;
			remoteInfo = cpputils;
		};
/* End PBXContainerItemProxy section */

/* Begin PBXCopyFilesBuildPhase section */
		C96E75E419F8F69B00148261 /* CopyFiles */ = {
			isa = PBXCopyFilesBuildPhase;
			buildActionMask = 2147483647;
			dstPath = /usr/share/man/man1/;
			dstSubfolderSpec = 0;
			files = (
			);
			runOnlyForDeploymentPostprocessing = 1;
		};
/* End PBXCopyFilesBuildPhase section */

/* Begin PBXFileReference section */
		C92B71C01A41C64C00FDAC8E /* voxel.h */ = {isa = PBXFileReference; lastKnownFileType = sourcecode.c.h; path = voxel.h; sourceTree = "<group>"; };
		C941E9AF19FD47E700ACEAF0 /* morton.h */ = {isa = PBXFileReference; fileEncoding = 4; lastKnownFileType = sourcecode.c.h; path = morton.h; sourceTree = "<group>"; };
		C95005301A4AF478009BD371 /* csg_parser.cpp */ = {isa = PBXFileReference; fileEncoding = 4; lastKnownFileType = sourcecode.cpp.cpp; path = csg_parser.cpp; sourceTree = "<group>"; };
		C95005331A4AF934009BD371 /* test.csg */ = {isa = PBXFileReference; fileEncoding = 4; lastKnownFileType = text; path = test.csg; sourceTree = "<group>"; };
		C96E75E619F8F69B00148261 /* ocmesh */ = {isa = PBXFileReference; explicitFileType = "compiled.mach-o.executable"; includeInIndex = 0; path = ocmesh; sourceTree = BUILT_PRODUCTS_DIR; };
		C96E75F519F8F9B700148261 /* README.md */ = {isa = PBXFileReference; fileEncoding = 4; lastKnownFileType = net.daringfireball.markdown; path = README.md; sourceTree = "<group>"; };
		C96E75FA19F8FF7E00148261 /* CMakeLists.txt */ = {isa = PBXFileReference; fileEncoding = 4; lastKnownFileType = text; path = CMakeLists.txt; sourceTree = "<group>"; };
		C96E75FB19F8FF7E00148261 /* common.hpp */ = {isa = PBXFileReference; fileEncoding = 4; lastKnownFileType = sourcecode.cpp.h; path = common.hpp; sourceTree = "<group>"; };
		C96E75FD19F8FF7E00148261 /* _features.hpp */ = {isa = PBXFileReference; fileEncoding = 4; lastKnownFileType = sourcecode.cpp.h; path = _features.hpp; sourceTree = "<group>"; };
		C96E75FE19F8FF7E00148261 /* _fixes.hpp */ = {isa = PBXFileReference; fileEncoding = 4; lastKnownFileType = sourcecode.cpp.h; path = _fixes.hpp; sourceTree = "<group>"; };
		C96E75FF19F8FF7E00148261 /* _literals.hpp */ = {isa = PBXFileReference; fileEncoding = 4; lastKnownFileType = sourcecode.cpp.h; path = _literals.hpp; sourceTree = "<group>"; };
		C96E760019F8FF7E00148261 /* _noise.hpp */ = {isa = PBXFileReference; fileEncoding = 4; lastKnownFileType = sourcecode.cpp.h; path = _noise.hpp; sourceTree = "<group>"; };
		C96E760119F8FF7E00148261 /* _swizzle.hpp */ = {isa = PBXFileReference; fileEncoding = 4; lastKnownFileType = sourcecode.cpp.h; path = _swizzle.hpp; sourceTree = "<group>"; };
		C96E760219F8FF7E00148261 /* _swizzle_func.hpp */ = {isa = PBXFileReference; fileEncoding = 4; lastKnownFileType = sourcecode.cpp.h; path = _swizzle_func.hpp; sourceTree = "<group>"; };
		C96E760319F8FF7E00148261 /* _vectorize.hpp */ = {isa = PBXFileReference; fileEncoding = 4; lastKnownFileType = sourcecode.cpp.h; path = _vectorize.hpp; sourceTree = "<group>"; };
		C96E760419F8FF7E00148261 /* dummy.cpp */ = {isa = PBXFileReference; fileEncoding = 4; lastKnownFileType = sourcecode.cpp.cpp; path = dummy.cpp; sourceTree = "<group>"; };
		C96E760519F8FF7E00148261 /* func_common.hpp */ = {isa = PBXFileReference; fileEncoding = 4; lastKnownFileType = sourcecode.cpp.h; path = func_common.hpp; sourceTree = "<group>"; };
		C96E760619F8FF7E00148261 /* func_common.inl */ = {isa = PBXFileReference; fileEncoding = 4; lastKnownFileType = text; path = func_common.inl; sourceTree = "<group>"; };
		C96E760719F8FF7E00148261 /* func_exponential.hpp */ = {isa = PBXFileReference; fileEncoding = 4; lastKnownFileType = sourcecode.cpp.h; path = func_exponential.hpp; sourceTree = "<group>"; };
		C96E760819F8FF7E00148261 /* func_exponential.inl */ = {isa = PBXFileReference; fileEncoding = 4; lastKnownFileType = text; path = func_exponential.inl; sourceTree = "<group>"; };
		C96E760919F8FF7E00148261 /* func_geometric.hpp */ = {isa = PBXFileReference; fileEncoding = 4; lastKnownFileType = sourcecode.cpp.h; path = func_geometric.hpp; sourceTree = "<group>"; };
		C96E760A19F8FF7E00148261 /* func_geometric.inl */ = {isa = PBXFileReference; fileEncoding = 4; lastKnownFileType = text; path = func_geometric.inl; sourceTree = "<group>"; };
		C96E760B19F8FF7E00148261 /* func_integer.hpp */ = {isa = PBXFileReference; fileEncoding = 4; lastKnownFileType = sourcecode.cpp.h; path = func_integer.hpp; sourceTree = "<group>"; };
		C96E760C19F8FF7E00148261 /* func_integer.inl */ = {isa = PBXFileReference; fileEncoding = 4; lastKnownFileType = text; path = func_integer.inl; sourceTree = "<group>"; };
		C96E760D19F8FF7E00148261 /* func_matrix.hpp */ = {isa = PBXFileReference; fileEncoding = 4; lastKnownFileType = sourcecode.cpp.h; path = func_matrix.hpp; sourceTree = "<group>"; };
		C96E760E19F8FF7E00148261 /* func_matrix.inl */ = {isa = PBXFileReference; fileEncoding = 4; lastKnownFileType = text; path = func_matrix.inl; sourceTree = "<group>"; };
		C96E760F19F8FF7E00148261 /* func_noise.hpp */ = {isa = PBXFileReference; fileEncoding = 4; lastKnownFileType = sourcecode.cpp.h; path = func_noise.hpp; sourceTree = "<group>"; };
		C96E761019F8FF7E00148261 /* func_noise.inl */ = {isa = PBXFileReference; fileEncoding = 4; lastKnownFileType = text; path = func_noise.inl; sourceTree = "<group>"; };
		C96E761119F8FF7E00148261 /* func_packing.hpp */ = {isa = PBXFileReference; fileEncoding = 4; lastKnownFileType = sourcecode.cpp.h; path = func_packing.hpp; sourceTree = "<group>"; };
		C96E761219F8FF7E00148261 /* func_packing.inl */ = {isa = PBXFileReference; fileEncoding = 4; lastKnownFileType = text; path = func_packing.inl; sourceTree = "<group>"; };
		C96E761319F8FF7E00148261 /* func_trigonometric.hpp */ = {isa = PBXFileReference; fileEncoding = 4; lastKnownFileType = sourcecode.cpp.h; path = func_trigonometric.hpp; sourceTree = "<group>"; };
		C96E761419F8FF7E00148261 /* func_trigonometric.inl */ = {isa = PBXFileReference; fileEncoding = 4; lastKnownFileType = text; path = func_trigonometric.inl; sourceTree = "<group>"; };
		C96E761519F8FF7E00148261 /* func_vector_relational.hpp */ = {isa = PBXFileReference; fileEncoding = 4; lastKnownFileType = sourcecode.cpp.h; path = func_vector_relational.hpp; sourceTree = "<group>"; };
		C96E761619F8FF7E00148261 /* func_vector_relational.inl */ = {isa = PBXFileReference; fileEncoding = 4; lastKnownFileType = text; path = func_vector_relational.inl; sourceTree = "<group>"; };
		C96E761719F8FF7E00148261 /* glm.cpp */ = {isa = PBXFileReference; fileEncoding = 4; lastKnownFileType = sourcecode.cpp.cpp; path = glm.cpp; sourceTree = "<group>"; };
		C96E761819F8FF7E00148261 /* hint.hpp */ = {isa = PBXFileReference; fileEncoding = 4; lastKnownFileType = sourcecode.cpp.h; path = hint.hpp; sourceTree = "<group>"; };
		C96E761919F8FF7E00148261 /* intrinsic_common.hpp */ = {isa = PBXFileReference; fileEncoding = 4; lastKnownFileType = sourcecode.cpp.h; path = intrinsic_common.hpp; sourceTree = "<group>"; };
		C96E761A19F8FF7E00148261 /* intrinsic_common.inl */ = {isa = PBXFileReference; fileEncoding = 4; lastKnownFileType = text; path = intrinsic_common.inl; sourceTree = "<group>"; };
		C96E761B19F8FF7E00148261 /* intrinsic_exponential.hpp */ = {isa = PBXFileReference; fileEncoding = 4; lastKnownFileType = sourcecode.cpp.h; path = intrinsic_exponential.hpp; sourceTree = "<group>"; };
		C96E761C19F8FF7E00148261 /* intrinsic_exponential.inl */ = {isa = PBXFileReference; fileEncoding = 4; lastKnownFileType = text; path = intrinsic_exponential.inl; sourceTree = "<group>"; };
		C96E761D19F8FF7E00148261 /* intrinsic_geometric.hpp */ = {isa = PBXFileReference; fileEncoding = 4; lastKnownFileType = sourcecode.cpp.h; path = intrinsic_geometric.hpp; sourceTree = "<group>"; };
		C96E761E19F8FF7E00148261 /* intrinsic_geometric.inl */ = {isa = PBXFileReference; fileEncoding = 4; lastKnownFileType = text; path = intrinsic_geometric.inl; sourceTree = "<group>"; };
		C96E761F19F8FF7E00148261 /* intrinsic_integer.hpp */ = {isa = PBXFileReference; fileEncoding = 4; lastKnownFileType = sourcecode.cpp.h; path = intrinsic_integer.hpp; sourceTree = "<group>"; };
		C96E762019F8FF7E00148261 /* intrinsic_integer.inl */ = {isa = PBXFileReference; fileEncoding = 4; lastKnownFileType = text; path = intrinsic_integer.inl; sourceTree = "<group>"; };
		C96E762119F8FF7E00148261 /* intrinsic_matrix.hpp */ = {isa = PBXFileReference; fileEncoding = 4; lastKnownFileType = sourcecode.cpp.h; path = intrinsic_matrix.hpp; sourceTree = "<group>"; };
		C96E762219F8FF7E00148261 /* intrinsic_matrix.inl */ = {isa = PBXFileReference; fileEncoding = 4; lastKnownFileType = text; path = intrinsic_matrix.inl; sourceTree = "<group>"; };
		C96E762319F8FF7E00148261 /* intrinsic_trigonometric.hpp */ = {isa = PBXFileReference; fileEncoding = 4; lastKnownFileType = sourcecode.cpp.h; path = intrinsic_trigonometric.hpp; sourceTree = "<group>"; };
		C96E762419F8FF7E00148261 /* intrinsic_trigonometric.inl */ = {isa = PBXFileReference; fileEncoding = 4; lastKnownFileType = text; path = intrinsic_trigonometric.inl; sourceTree = "<group>"; };
		C96E762519F8FF7E00148261 /* intrinsic_vector_relational.hpp */ = {isa = PBXFileReference; fileEncoding = 4; lastKnownFileType = sourcecode.cpp.h; path = intrinsic_vector_relational.hpp; sourceTree = "<group>"; };
		C96E762619F8FF7E00148261 /* intrinsic_vector_relational.inl */ = {isa = PBXFileReference; fileEncoding = 4; lastKnownFileType = text; path = intrinsic_vector_relational.inl; sourceTree = "<group>"; };
		C96E762719F8FF7E00148261 /* precision.hpp */ = {isa = PBXFileReference; fileEncoding = 4; lastKnownFileType = sourcecode.cpp.h; path = precision.hpp; sourceTree = "<group>"; };
		C96E762819F8FF7E00148261 /* precision.inl */ = {isa = PBXFileReference; fileEncoding = 4; lastKnownFileType = text; path = precision.inl; sourceTree = "<group>"; };
		C96E762919F8FF7E00148261 /* setup.hpp */ = {isa = PBXFileReference; fileEncoding = 4; lastKnownFileType = sourcecode.cpp.h; path = setup.hpp; sourceTree = "<group>"; };
		C96E762A19F8FF7E00148261 /* type_float.hpp */ = {isa = PBXFileReference; fileEncoding = 4; lastKnownFileType = sourcecode.cpp.h; path = type_float.hpp; sourceTree = "<group>"; };
		C96E762B19F8FF7E00148261 /* type_gentype.hpp */ = {isa = PBXFileReference; fileEncoding = 4; lastKnownFileType = sourcecode.cpp.h; path = type_gentype.hpp; sourceTree = "<group>"; };
		C96E762C19F8FF7E00148261 /* type_gentype.inl */ = {isa = PBXFileReference; fileEncoding = 4; lastKnownFileType = text; path = type_gentype.inl; sourceTree = "<group>"; };
		C96E762D19F8FF7E00148261 /* type_half.hpp */ = {isa = PBXFileReference; fileEncoding = 4; lastKnownFileType = sourcecode.cpp.h; path = type_half.hpp; sourceTree = "<group>"; };
		C96E762E19F8FF7E00148261 /* type_half.inl */ = {isa = PBXFileReference; fileEncoding = 4; lastKnownFileType = text; path = type_half.inl; sourceTree = "<group>"; };
		C96E762F19F8FF7E00148261 /* type_int.hpp */ = {isa = PBXFileReference; fileEncoding = 4; lastKnownFileType = sourcecode.cpp.h; path = type_int.hpp; sourceTree = "<group>"; };
		C96E763019F8FF7E00148261 /* type_mat.hpp */ = {isa = PBXFileReference; fileEncoding = 4; lastKnownFileType = sourcecode.cpp.h; path = type_mat.hpp; sourceTree = "<group>"; };
		C96E763119F8FF7E00148261 /* type_mat.inl */ = {isa = PBXFileReference; fileEncoding = 4; lastKnownFileType = text; path = type_mat.inl; sourceTree = "<group>"; };
		C96E763219F8FF7E00148261 /* type_mat2x2.hpp */ = {isa = PBXFileReference; fileEncoding = 4; lastKnownFileType = sourcecode.cpp.h; path = type_mat2x2.hpp; sourceTree = "<group>"; };
		C96E763319F8FF7E00148261 /* type_mat2x2.inl */ = {isa = PBXFileReference; fileEncoding = 4; lastKnownFileType = text; path = type_mat2x2.inl; sourceTree = "<group>"; };
		C96E763419F8FF7E00148261 /* type_mat2x3.hpp */ = {isa = PBXFileReference; fileEncoding = 4; lastKnownFileType = sourcecode.cpp.h; path = type_mat2x3.hpp; sourceTree = "<group>"; };
		C96E763519F8FF7E00148261 /* type_mat2x3.inl */ = {isa = PBXFileReference; fileEncoding = 4; lastKnownFileType = text; path = type_mat2x3.inl; sourceTree = "<group>"; };
		C96E763619F8FF7E00148261 /* type_mat2x4.hpp */ = {isa = PBXFileReference; fileEncoding = 4; lastKnownFileType = sourcecode.cpp.h; path = type_mat2x4.hpp; sourceTree = "<group>"; };
		C96E763719F8FF7E00148261 /* type_mat2x4.inl */ = {isa = PBXFileReference; fileEncoding = 4; lastKnownFileType = text; path = type_mat2x4.inl; sourceTree = "<group>"; };
		C96E763819F8FF7E00148261 /* type_mat3x2.hpp */ = {isa = PBXFileReference; fileEncoding = 4; lastKnownFileType = sourcecode.cpp.h; path = type_mat3x2.hpp; sourceTree = "<group>"; };
		C96E763919F8FF7E00148261 /* type_mat3x2.inl */ = {isa = PBXFileReference; fileEncoding = 4; lastKnownFileType = text; path = type_mat3x2.inl; sourceTree = "<group>"; };
		C96E763A19F8FF7E00148261 /* type_mat3x3.hpp */ = {isa = PBXFileReference; fileEncoding = 4; lastKnownFileType = sourcecode.cpp.h; path = type_mat3x3.hpp; sourceTree = "<group>"; };
		C96E763B19F8FF7E00148261 /* type_mat3x3.inl */ = {isa = PBXFileReference; fileEncoding = 4; lastKnownFileType = text; path = type_mat3x3.inl; sourceTree = "<group>"; };
		C96E763C19F8FF7E00148261 /* type_mat3x4.hpp */ = {isa = PBXFileReference; fileEncoding = 4; lastKnownFileType = sourcecode.cpp.h; path = type_mat3x4.hpp; sourceTree = "<group>"; };
		C96E763D19F8FF7E00148261 /* type_mat3x4.inl */ = {isa = PBXFileReference; fileEncoding = 4; lastKnownFileType = text; path = type_mat3x4.inl; sourceTree = "<group>"; };
		C96E763E19F8FF7E00148261 /* type_mat4x2.hpp */ = {isa = PBXFileReference; fileEncoding = 4; lastKnownFileType = sourcecode.cpp.h; path = type_mat4x2.hpp; sourceTree = "<group>"; };
		C96E763F19F8FF7E00148261 /* type_mat4x2.inl */ = {isa = PBXFileReference; fileEncoding = 4; lastKnownFileType = text; path = type_mat4x2.inl; sourceTree = "<group>"; };
		C96E764019F8FF7E00148261 /* type_mat4x3.hpp */ = {isa = PBXFileReference; fileEncoding = 4; lastKnownFileType = sourcecode.cpp.h; path = type_mat4x3.hpp; sourceTree = "<group>"; };
		C96E764119F8FF7E00148261 /* type_mat4x3.inl */ = {isa = PBXFileReference; fileEncoding = 4; lastKnownFileType = text; path = type_mat4x3.inl; sourceTree = "<group>"; };
		C96E764219F8FF7E00148261 /* type_mat4x4.hpp */ = {isa = PBXFileReference; fileEncoding = 4; lastKnownFileType = sourcecode.cpp.h; path = type_mat4x4.hpp; sourceTree = "<group>"; };
		C96E764319F8FF7E00148261 /* type_mat4x4.inl */ = {isa = PBXFileReference; fileEncoding = 4; lastKnownFileType = text; path = type_mat4x4.inl; sourceTree = "<group>"; };
		C96E764419F8FF7E00148261 /* type_vec.hpp */ = {isa = PBXFileReference; fileEncoding = 4; lastKnownFileType = sourcecode.cpp.h; path = type_vec.hpp; sourceTree = "<group>"; };
		C96E764519F8FF7E00148261 /* type_vec.inl */ = {isa = PBXFileReference; fileEncoding = 4; lastKnownFileType = text; path = type_vec.inl; sourceTree = "<group>"; };
		C96E764619F8FF7E00148261 /* type_vec1.hpp */ = {isa = PBXFileReference; fileEncoding = 4; lastKnownFileType = sourcecode.cpp.h; path = type_vec1.hpp; sourceTree = "<group>"; };
		C96E764719F8FF7E00148261 /* type_vec1.inl */ = {isa = PBXFileReference; fileEncoding = 4; lastKnownFileType = text; path = type_vec1.inl; sourceTree = "<group>"; };
		C96E764819F8FF7E00148261 /* type_vec2.hpp */ = {isa = PBXFileReference; fileEncoding = 4; lastKnownFileType = sourcecode.cpp.h; path = type_vec2.hpp; sourceTree = "<group>"; };
		C96E764919F8FF7E00148261 /* type_vec2.inl */ = {isa = PBXFileReference; fileEncoding = 4; lastKnownFileType = text; path = type_vec2.inl; sourceTree = "<group>"; };
		C96E764A19F8FF7E00148261 /* type_vec3.hpp */ = {isa = PBXFileReference; fileEncoding = 4; lastKnownFileType = sourcecode.cpp.h; path = type_vec3.hpp; sourceTree = "<group>"; };
		C96E764B19F8FF7E00148261 /* type_vec3.inl */ = {isa = PBXFileReference; fileEncoding = 4; lastKnownFileType = text; path = type_vec3.inl; sourceTree = "<group>"; };
		C96E764C19F8FF7E00148261 /* type_vec4.hpp */ = {isa = PBXFileReference; fileEncoding = 4; lastKnownFileType = sourcecode.cpp.h; path = type_vec4.hpp; sourceTree = "<group>"; };
		C96E764D19F8FF7E00148261 /* type_vec4.inl */ = {isa = PBXFileReference; fileEncoding = 4; lastKnownFileType = text; path = type_vec4.inl; sourceTree = "<group>"; };
		C96E764E19F8FF7E00148261 /* exponential.hpp */ = {isa = PBXFileReference; fileEncoding = 4; lastKnownFileType = sourcecode.cpp.h; path = exponential.hpp; sourceTree = "<group>"; };
		C96E764F19F8FF7E00148261 /* ext.hpp */ = {isa = PBXFileReference; fileEncoding = 4; lastKnownFileType = sourcecode.cpp.h; path = ext.hpp; sourceTree = "<group>"; };
		C96E765019F8FF7E00148261 /* fwd.hpp */ = {isa = PBXFileReference; fileEncoding = 4; lastKnownFileType = sourcecode.cpp.h; path = fwd.hpp; sourceTree = "<group>"; };
		C96E765119F8FF7E00148261 /* geometric.hpp */ = {isa = PBXFileReference; fileEncoding = 4; lastKnownFileType = sourcecode.cpp.h; path = geometric.hpp; sourceTree = "<group>"; };
		C96E765219F8FF7E00148261 /* glm.hpp */ = {isa = PBXFileReference; fileEncoding = 4; lastKnownFileType = sourcecode.cpp.h; path = glm.hpp; sourceTree = "<group>"; };
		C96E765419F8FF7E00148261 /* constants.hpp */ = {isa = PBXFileReference; fileEncoding = 4; lastKnownFileType = sourcecode.cpp.h; path = constants.hpp; sourceTree = "<group>"; };
		C96E765519F8FF7E00148261 /* constants.inl */ = {isa = PBXFileReference; fileEncoding = 4; lastKnownFileType = text; path = constants.inl; sourceTree = "<group>"; };
		C96E765619F8FF7E00148261 /* epsilon.hpp */ = {isa = PBXFileReference; fileEncoding = 4; lastKnownFileType = sourcecode.cpp.h; path = epsilon.hpp; sourceTree = "<group>"; };
		C96E765719F8FF7E00148261 /* epsilon.inl */ = {isa = PBXFileReference; fileEncoding = 4; lastKnownFileType = text; path = epsilon.inl; sourceTree = "<group>"; };
		C96E765819F8FF7E00148261 /* matrix_access.hpp */ = {isa = PBXFileReference; fileEncoding = 4; lastKnownFileType = sourcecode.cpp.h; path = matrix_access.hpp; sourceTree = "<group>"; };
		C96E765919F8FF7E00148261 /* matrix_access.inl */ = {isa = PBXFileReference; fileEncoding = 4; lastKnownFileType = text; path = matrix_access.inl; sourceTree = "<group>"; };
		C96E765A19F8FF7E00148261 /* matrix_integer.hpp */ = {isa = PBXFileReference; fileEncoding = 4; lastKnownFileType = sourcecode.cpp.h; path = matrix_integer.hpp; sourceTree = "<group>"; };
		C96E765B19F8FF7E00148261 /* matrix_inverse.hpp */ = {isa = PBXFileReference; fileEncoding = 4; lastKnownFileType = sourcecode.cpp.h; path = matrix_inverse.hpp; sourceTree = "<group>"; };
		C96E765C19F8FF7E00148261 /* matrix_inverse.inl */ = {isa = PBXFileReference; fileEncoding = 4; lastKnownFileType = text; path = matrix_inverse.inl; sourceTree = "<group>"; };
		C96E765D19F8FF7E00148261 /* matrix_transform.hpp */ = {isa = PBXFileReference; fileEncoding = 4; lastKnownFileType = sourcecode.cpp.h; path = matrix_transform.hpp; sourceTree = "<group>"; };
		C96E765E19F8FF7E00148261 /* matrix_transform.inl */ = {isa = PBXFileReference; fileEncoding = 4; lastKnownFileType = text; path = matrix_transform.inl; sourceTree = "<group>"; };
		C96E765F19F8FF7E00148261 /* noise.hpp */ = {isa = PBXFileReference; fileEncoding = 4; lastKnownFileType = sourcecode.cpp.h; path = noise.hpp; sourceTree = "<group>"; };
		C96E766019F8FF7E00148261 /* noise.inl */ = {isa = PBXFileReference; fileEncoding = 4; lastKnownFileType = text; path = noise.inl; sourceTree = "<group>"; };
		C96E766119F8FF7E00148261 /* packing.hpp */ = {isa = PBXFileReference; fileEncoding = 4; lastKnownFileType = sourcecode.cpp.h; path = packing.hpp; sourceTree = "<group>"; };
		C96E766219F8FF7E00148261 /* packing.inl */ = {isa = PBXFileReference; fileEncoding = 4; lastKnownFileType = text; path = packing.inl; sourceTree = "<group>"; };
		C96E766319F8FF7E00148261 /* quaternion.hpp */ = {isa = PBXFileReference; fileEncoding = 4; lastKnownFileType = sourcecode.cpp.h; path = quaternion.hpp; sourceTree = "<group>"; };
		C96E766419F8FF7E00148261 /* quaternion.inl */ = {isa = PBXFileReference; fileEncoding = 4; lastKnownFileType = text; path = quaternion.inl; sourceTree = "<group>"; };
		C96E766519F8FF7E00148261 /* random.hpp */ = {isa = PBXFileReference; fileEncoding = 4; lastKnownFileType = sourcecode.cpp.h; path = random.hpp; sourceTree = "<group>"; };
		C96E766619F8FF7E00148261 /* random.inl */ = {isa = PBXFileReference; fileEncoding = 4; lastKnownFileType = text; path = random.inl; sourceTree = "<group>"; };
		C96E766719F8FF7E00148261 /* reciprocal.hpp */ = {isa = PBXFileReference; fileEncoding = 4; lastKnownFileType = sourcecode.cpp.h; path = reciprocal.hpp; sourceTree = "<group>"; };
		C96E766819F8FF7E00148261 /* reciprocal.inl */ = {isa = PBXFileReference; fileEncoding = 4; lastKnownFileType = text; path = reciprocal.inl; sourceTree = "<group>"; };
		C96E766919F8FF7E00148261 /* type_precision.hpp */ = {isa = PBXFileReference; fileEncoding = 4; lastKnownFileType = sourcecode.cpp.h; path = type_precision.hpp; sourceTree = "<group>"; };
		C96E766A19F8FF7E00148261 /* type_precision.inl */ = {isa = PBXFileReference; fileEncoding = 4; lastKnownFileType = text; path = type_precision.inl; sourceTree = "<group>"; };
		C96E766B19F8FF7E00148261 /* type_ptr.hpp */ = {isa = PBXFileReference; fileEncoding = 4; lastKnownFileType = sourcecode.cpp.h; path = type_ptr.hpp; sourceTree = "<group>"; };
		C96E766C19F8FF7E00148261 /* type_ptr.inl */ = {isa = PBXFileReference; fileEncoding = 4; lastKnownFileType = text; path = type_ptr.inl; sourceTree = "<group>"; };
		C96E766D19F8FF7E00148261 /* ulp.hpp */ = {isa = PBXFileReference; fileEncoding = 4; lastKnownFileType = sourcecode.cpp.h; path = ulp.hpp; sourceTree = "<group>"; };
		C96E766E19F8FF7E00148261 /* ulp.inl */ = {isa = PBXFileReference; fileEncoding = 4; lastKnownFileType = text; path = ulp.inl; sourceTree = "<group>"; };
		C96E767019F8FF7E00148261 /* associated_min_max.hpp */ = {isa = PBXFileReference; fileEncoding = 4; lastKnownFileType = sourcecode.cpp.h; path = associated_min_max.hpp; sourceTree = "<group>"; };
		C96E767119F8FF7E00148261 /* associated_min_max.inl */ = {isa = PBXFileReference; fileEncoding = 4; lastKnownFileType = text; path = associated_min_max.inl; sourceTree = "<group>"; };
		C96E767219F8FF7E00148261 /* bit.hpp */ = {isa = PBXFileReference; fileEncoding = 4; lastKnownFileType = sourcecode.cpp.h; path = bit.hpp; sourceTree = "<group>"; };
		C96E767319F8FF7E00148261 /* bit.inl */ = {isa = PBXFileReference; fileEncoding = 4; lastKnownFileType = text; path = bit.inl; sourceTree = "<group>"; };
		C96E767419F8FF7E00148261 /* closest_point.hpp */ = {isa = PBXFileReference; fileEncoding = 4; lastKnownFileType = sourcecode.cpp.h; path = closest_point.hpp; sourceTree = "<group>"; };
		C96E767519F8FF7E00148261 /* closest_point.inl */ = {isa = PBXFileReference; fileEncoding = 4; lastKnownFileType = text; path = closest_point.inl; sourceTree = "<group>"; };
		C96E767619F8FF7E00148261 /* color_space.hpp */ = {isa = PBXFileReference; fileEncoding = 4; lastKnownFileType = sourcecode.cpp.h; path = color_space.hpp; sourceTree = "<group>"; };
		C96E767719F8FF7E00148261 /* color_space.inl */ = {isa = PBXFileReference; fileEncoding = 4; lastKnownFileType = text; path = color_space.inl; sourceTree = "<group>"; };
		C96E767819F8FF7E00148261 /* color_space_YCoCg.hpp */ = {isa = PBXFileReference; fileEncoding = 4; lastKnownFileType = sourcecode.cpp.h; path = color_space_YCoCg.hpp; sourceTree = "<group>"; };
		C96E767919F8FF7E00148261 /* color_space_YCoCg.inl */ = {isa = PBXFileReference; fileEncoding = 4; lastKnownFileType = text; path = color_space_YCoCg.inl; sourceTree = "<group>"; };
		C96E767A19F8FF7E00148261 /* compatibility.hpp */ = {isa = PBXFileReference; fileEncoding = 4; lastKnownFileType = sourcecode.cpp.h; path = compatibility.hpp; sourceTree = "<group>"; };
		C96E767B19F8FF7E00148261 /* compatibility.inl */ = {isa = PBXFileReference; fileEncoding = 4; lastKnownFileType = text; path = compatibility.inl; sourceTree = "<group>"; };
		C96E767C19F8FF7E00148261 /* component_wise.hpp */ = {isa = PBXFileReference; fileEncoding = 4; lastKnownFileType = sourcecode.cpp.h; path = component_wise.hpp; sourceTree = "<group>"; };
		C96E767D19F8FF7E00148261 /* component_wise.inl */ = {isa = PBXFileReference; fileEncoding = 4; lastKnownFileType = text; path = component_wise.inl; sourceTree = "<group>"; };
		C96E767E19F8FF7E00148261 /* constants.hpp */ = {isa = PBXFileReference; fileEncoding = 4; lastKnownFileType = sourcecode.cpp.h; path = constants.hpp; sourceTree = "<group>"; };
		C96E767F19F8FF7E00148261 /* dual_quaternion.hpp */ = {isa = PBXFileReference; fileEncoding = 4; lastKnownFileType = sourcecode.cpp.h; path = dual_quaternion.hpp; sourceTree = "<group>"; };
		C96E768019F8FF7E00148261 /* dual_quaternion.inl */ = {isa = PBXFileReference; fileEncoding = 4; lastKnownFileType = text; path = dual_quaternion.inl; sourceTree = "<group>"; };
		C96E768119F8FF7E00148261 /* epsilon.hpp */ = {isa = PBXFileReference; fileEncoding = 4; lastKnownFileType = sourcecode.cpp.h; path = epsilon.hpp; sourceTree = "<group>"; };
		C96E768219F8FF7E00148261 /* euler_angles.hpp */ = {isa = PBXFileReference; fileEncoding = 4; lastKnownFileType = sourcecode.cpp.h; path = euler_angles.hpp; sourceTree = "<group>"; };
		C96E768319F8FF7E00148261 /* euler_angles.inl */ = {isa = PBXFileReference; fileEncoding = 4; lastKnownFileType = text; path = euler_angles.inl; sourceTree = "<group>"; };
		C96E768419F8FF7E00148261 /* extend.hpp */ = {isa = PBXFileReference; fileEncoding = 4; lastKnownFileType = sourcecode.cpp.h; path = extend.hpp; sourceTree = "<group>"; };
		C96E768519F8FF7E00148261 /* extend.inl */ = {isa = PBXFileReference; fileEncoding = 4; lastKnownFileType = text; path = extend.inl; sourceTree = "<group>"; };
		C96E768619F8FF7E00148261 /* extented_min_max.hpp */ = {isa = PBXFileReference; fileEncoding = 4; lastKnownFileType = sourcecode.cpp.h; path = extented_min_max.hpp; sourceTree = "<group>"; };
		C96E768719F8FF7E00148261 /* extented_min_max.inl */ = {isa = PBXFileReference; fileEncoding = 4; lastKnownFileType = text; path = extented_min_max.inl; sourceTree = "<group>"; };
		C96E768819F8FF7E00148261 /* fast_exponential.hpp */ = {isa = PBXFileReference; fileEncoding = 4; lastKnownFileType = sourcecode.cpp.h; path = fast_exponential.hpp; sourceTree = "<group>"; };
		C96E768919F8FF7E00148261 /* fast_exponential.inl */ = {isa = PBXFileReference; fileEncoding = 4; lastKnownFileType = text; path = fast_exponential.inl; sourceTree = "<group>"; };
		C96E768A19F8FF7E00148261 /* fast_square_root.hpp */ = {isa = PBXFileReference; fileEncoding = 4; lastKnownFileType = sourcecode.cpp.h; path = fast_square_root.hpp; sourceTree = "<group>"; };
		C96E768B19F8FF7E00148261 /* fast_square_root.inl */ = {isa = PBXFileReference; fileEncoding = 4; lastKnownFileType = text; path = fast_square_root.inl; sourceTree = "<group>"; };
		C96E768C19F8FF7E00148261 /* fast_trigonometry.hpp */ = {isa = PBXFileReference; fileEncoding = 4; lastKnownFileType = sourcecode.cpp.h; path = fast_trigonometry.hpp; sourceTree = "<group>"; };
		C96E768D19F8FF7E00148261 /* fast_trigonometry.inl */ = {isa = PBXFileReference; fileEncoding = 4; lastKnownFileType = text; path = fast_trigonometry.inl; sourceTree = "<group>"; };
		C96E768E19F8FF7E00148261 /* gradient_paint.hpp */ = {isa = PBXFileReference; fileEncoding = 4; lastKnownFileType = sourcecode.cpp.h; path = gradient_paint.hpp; sourceTree = "<group>"; };
		C96E768F19F8FF7E00148261 /* gradient_paint.inl */ = {isa = PBXFileReference; fileEncoding = 4; lastKnownFileType = text; path = gradient_paint.inl; sourceTree = "<group>"; };
		C96E769019F8FF7E00148261 /* handed_coordinate_space.hpp */ = {isa = PBXFileReference; fileEncoding = 4; lastKnownFileType = sourcecode.cpp.h; path = handed_coordinate_space.hpp; sourceTree = "<group>"; };
		C96E769119F8FF7E00148261 /* handed_coordinate_space.inl */ = {isa = PBXFileReference; fileEncoding = 4; lastKnownFileType = text; path = handed_coordinate_space.inl; sourceTree = "<group>"; };
		C96E769219F8FF7E00148261 /* inertia.hpp */ = {isa = PBXFileReference; fileEncoding = 4; lastKnownFileType = sourcecode.cpp.h; path = inertia.hpp; sourceTree = "<group>"; };
		C96E769319F8FF7E00148261 /* inertia.inl */ = {isa = PBXFileReference; fileEncoding = 4; lastKnownFileType = text; path = inertia.inl; sourceTree = "<group>"; };
		C96E769419F8FF7E00148261 /* int_10_10_10_2.hpp */ = {isa = PBXFileReference; fileEncoding = 4; lastKnownFileType = sourcecode.cpp.h; path = int_10_10_10_2.hpp; sourceTree = "<group>"; };
		C96E769519F8FF7E00148261 /* int_10_10_10_2.inl */ = {isa = PBXFileReference; fileEncoding = 4; lastKnownFileType = text; path = int_10_10_10_2.inl; sourceTree = "<group>"; };
		C96E769619F8FF7E00148261 /* integer.hpp */ = {isa = PBXFileReference; fileEncoding = 4; lastKnownFileType = sourcecode.cpp.h; path = integer.hpp; sourceTree = "<group>"; };
		C96E769719F8FF7E00148261 /* integer.inl */ = {isa = PBXFileReference; fileEncoding = 4; lastKnownFileType = text; path = integer.inl; sourceTree = "<group>"; };
		C96E769819F8FF7E00148261 /* intersect.hpp */ = {isa = PBXFileReference; fileEncoding = 4; lastKnownFileType = sourcecode.cpp.h; path = intersect.hpp; sourceTree = "<group>"; };
		C96E769919F8FF7E00148261 /* intersect.inl */ = {isa = PBXFileReference; fileEncoding = 4; lastKnownFileType = text; path = intersect.inl; sourceTree = "<group>"; };
		C96E769A19F8FF7E00148261 /* io.hpp */ = {isa = PBXFileReference; fileEncoding = 4; lastKnownFileType = sourcecode.cpp.h; path = io.hpp; sourceTree = "<group>"; };
		C96E769B19F8FF7E00148261 /* io.inl */ = {isa = PBXFileReference; fileEncoding = 4; lastKnownFileType = text; path = io.inl; sourceTree = "<group>"; };
		C96E769C19F8FF7E00148261 /* log_base.hpp */ = {isa = PBXFileReference; fileEncoding = 4; lastKnownFileType = sourcecode.cpp.h; path = log_base.hpp; sourceTree = "<group>"; };
		C96E769D19F8FF7E00148261 /* log_base.inl */ = {isa = PBXFileReference; fileEncoding = 4; lastKnownFileType = text; path = log_base.inl; sourceTree = "<group>"; };
		C96E769E19F8FF7E00148261 /* matrix_cross_product.hpp */ = {isa = PBXFileReference; fileEncoding = 4; lastKnownFileType = sourcecode.cpp.h; path = matrix_cross_product.hpp; sourceTree = "<group>"; };
		C96E769F19F8FF7E00148261 /* matrix_cross_product.inl */ = {isa = PBXFileReference; fileEncoding = 4; lastKnownFileType = text; path = matrix_cross_product.inl; sourceTree = "<group>"; };
		C96E76A019F8FF7E00148261 /* matrix_interpolation.hpp */ = {isa = PBXFileReference; fileEncoding = 4; lastKnownFileType = sourcecode.cpp.h; path = matrix_interpolation.hpp; sourceTree = "<group>"; };
		C96E76A119F8FF7E00148261 /* matrix_interpolation.inl */ = {isa = PBXFileReference; fileEncoding = 4; lastKnownFileType = text; path = matrix_interpolation.inl; sourceTree = "<group>"; };
		C96E76A219F8FF7E00148261 /* matrix_major_storage.hpp */ = {isa = PBXFileReference; fileEncoding = 4; lastKnownFileType = sourcecode.cpp.h; path = matrix_major_storage.hpp; sourceTree = "<group>"; };
		C96E76A319F8FF7E00148261 /* matrix_major_storage.inl */ = {isa = PBXFileReference; fileEncoding = 4; lastKnownFileType = text; path = matrix_major_storage.inl; sourceTree = "<group>"; };
		C96E76A419F8FF7E00148261 /* matrix_operation.hpp */ = {isa = PBXFileReference; fileEncoding = 4; lastKnownFileType = sourcecode.cpp.h; path = matrix_operation.hpp; sourceTree = "<group>"; };
		C96E76A519F8FF7E00148261 /* matrix_operation.inl */ = {isa = PBXFileReference; fileEncoding = 4; lastKnownFileType = text; path = matrix_operation.inl; sourceTree = "<group>"; };
		C96E76A619F8FF7E00148261 /* matrix_query.hpp */ = {isa = PBXFileReference; fileEncoding = 4; lastKnownFileType = sourcecode.cpp.h; path = matrix_query.hpp; sourceTree = "<group>"; };
		C96E76A719F8FF7E00148261 /* matrix_query.inl */ = {isa = PBXFileReference; fileEncoding = 4; lastKnownFileType = text; path = matrix_query.inl; sourceTree = "<group>"; };
		C96E76A819F8FF7E00148261 /* matrix_transform_2d.hpp */ = {isa = PBXFileReference; fileEncoding = 4; lastKnownFileType = sourcecode.cpp.h; path = matrix_transform_2d.hpp; sourceTree = "<group>"; };
		C96E76A919F8FF7E00148261 /* matrix_transform_2d.inl */ = {isa = PBXFileReference; fileEncoding = 4; lastKnownFileType = text; path = matrix_transform_2d.inl; sourceTree = "<group>"; };
		C96E76AA19F8FF7E00148261 /* mixed_product.hpp */ = {isa = PBXFileReference; fileEncoding = 4; lastKnownFileType = sourcecode.cpp.h; path = mixed_product.hpp; sourceTree = "<group>"; };
		C96E76AB19F8FF7E00148261 /* mixed_product.inl */ = {isa = PBXFileReference; fileEncoding = 4; lastKnownFileType = text; path = mixed_product.inl; sourceTree = "<group>"; };
		C96E76AC19F8FF7E00148261 /* multiple.hpp */ = {isa = PBXFileReference; fileEncoding = 4; lastKnownFileType = sourcecode.cpp.h; path = multiple.hpp; sourceTree = "<group>"; };
		C96E76AD19F8FF7E00148261 /* multiple.inl */ = {isa = PBXFileReference; fileEncoding = 4; lastKnownFileType = text; path = multiple.inl; sourceTree = "<group>"; };
		C96E76AE19F8FF7E00148261 /* noise.hpp */ = {isa = PBXFileReference; fileEncoding = 4; lastKnownFileType = sourcecode.cpp.h; path = noise.hpp; sourceTree = "<group>"; };
		C96E76AF19F8FF7E00148261 /* norm.hpp */ = {isa = PBXFileReference; fileEncoding = 4; lastKnownFileType = sourcecode.cpp.h; path = norm.hpp; sourceTree = "<group>"; };
		C96E76B019F8FF7E00148261 /* norm.inl */ = {isa = PBXFileReference; fileEncoding = 4; lastKnownFileType = text; path = norm.inl; sourceTree = "<group>"; };
		C96E76B119F8FF7E00148261 /* normal.hpp */ = {isa = PBXFileReference; fileEncoding = 4; lastKnownFileType = sourcecode.cpp.h; path = normal.hpp; sourceTree = "<group>"; };
		C96E76B219F8FF7E00148261 /* normal.inl */ = {isa = PBXFileReference; fileEncoding = 4; lastKnownFileType = text; path = normal.inl; sourceTree = "<group>"; };
		C96E76B319F8FF7E00148261 /* normalize_dot.hpp */ = {isa = PBXFileReference; fileEncoding = 4; lastKnownFileType = sourcecode.cpp.h; path = normalize_dot.hpp; sourceTree = "<group>"; };
		C96E76B419F8FF7E00148261 /* normalize_dot.inl */ = {isa = PBXFileReference; fileEncoding = 4; lastKnownFileType = text; path = normalize_dot.inl; sourceTree = "<group>"; };
		C96E76B519F8FF7E00148261 /* number_precision.hpp */ = {isa = PBXFileReference; fileEncoding = 4; lastKnownFileType = sourcecode.cpp.h; path = number_precision.hpp; sourceTree = "<group>"; };
		C96E76B619F8FF7E00148261 /* number_precision.inl */ = {isa = PBXFileReference; fileEncoding = 4; lastKnownFileType = text; path = number_precision.inl; sourceTree = "<group>"; };
		C96E76B719F8FF7E00148261 /* optimum_pow.hpp */ = {isa = PBXFileReference; fileEncoding = 4; lastKnownFileType = sourcecode.cpp.h; path = optimum_pow.hpp; sourceTree = "<group>"; };
		C96E76B819F8FF7E00148261 /* optimum_pow.inl */ = {isa = PBXFileReference; fileEncoding = 4; lastKnownFileType = text; path = optimum_pow.inl; sourceTree = "<group>"; };
		C96E76B919F8FF7E00148261 /* orthonormalize.hpp */ = {isa = PBXFileReference; fileEncoding = 4; lastKnownFileType = sourcecode.cpp.h; path = orthonormalize.hpp; sourceTree = "<group>"; };
		C96E76BA19F8FF7E00148261 /* orthonormalize.inl */ = {isa = PBXFileReference; fileEncoding = 4; lastKnownFileType = text; path = orthonormalize.inl; sourceTree = "<group>"; };
		C96E76BB19F8FF7E00148261 /* perpendicular.hpp */ = {isa = PBXFileReference; fileEncoding = 4; lastKnownFileType = sourcecode.cpp.h; path = perpendicular.hpp; sourceTree = "<group>"; };
		C96E76BC19F8FF7E00148261 /* perpendicular.inl */ = {isa = PBXFileReference; fileEncoding = 4; lastKnownFileType = text; path = perpendicular.inl; sourceTree = "<group>"; };
		C96E76BD19F8FF7E00148261 /* polar_coordinates.hpp */ = {isa = PBXFileReference; fileEncoding = 4; lastKnownFileType = sourcecode.cpp.h; path = polar_coordinates.hpp; sourceTree = "<group>"; };
		C96E76BE19F8FF7E00148261 /* polar_coordinates.inl */ = {isa = PBXFileReference; fileEncoding = 4; lastKnownFileType = text; path = polar_coordinates.inl; sourceTree = "<group>"; };
		C96E76BF19F8FF7E00148261 /* projection.hpp */ = {isa = PBXFileReference; fileEncoding = 4; lastKnownFileType = sourcecode.cpp.h; path = projection.hpp; sourceTree = "<group>"; };
		C96E76C019F8FF7E00148261 /* projection.inl */ = {isa = PBXFileReference; fileEncoding = 4; lastKnownFileType = text; path = projection.inl; sourceTree = "<group>"; };
		C96E76C119F8FF7E00148261 /* quaternion.hpp */ = {isa = PBXFileReference; fileEncoding = 4; lastKnownFileType = sourcecode.cpp.h; path = quaternion.hpp; sourceTree = "<group>"; };
		C96E76C219F8FF7E00148261 /* quaternion.inl */ = {isa = PBXFileReference; fileEncoding = 4; lastKnownFileType = text; path = quaternion.inl; sourceTree = "<group>"; };
		C96E76C319F8FF7E00148261 /* random.hpp */ = {isa = PBXFileReference; fileEncoding = 4; lastKnownFileType = sourcecode.cpp.h; path = random.hpp; sourceTree = "<group>"; };
		C96E76C419F8FF7E00148261 /* raw_data.hpp */ = {isa = PBXFileReference; fileEncoding = 4; lastKnownFileType = sourcecode.cpp.h; path = raw_data.hpp; sourceTree = "<group>"; };
		C96E76C519F8FF7E00148261 /* raw_data.inl */ = {isa = PBXFileReference; fileEncoding = 4; lastKnownFileType = text; path = raw_data.inl; sourceTree = "<group>"; };
		C96E76C619F8FF7E00148261 /* reciprocal.hpp */ = {isa = PBXFileReference; fileEncoding = 4; lastKnownFileType = sourcecode.cpp.h; path = reciprocal.hpp; sourceTree = "<group>"; };
		C96E76C719F8FF7E00148261 /* rotate_normalized_axis.hpp */ = {isa = PBXFileReference; fileEncoding = 4; lastKnownFileType = sourcecode.cpp.h; path = rotate_normalized_axis.hpp; sourceTree = "<group>"; };
		C96E76C819F8FF7E00148261 /* rotate_normalized_axis.inl */ = {isa = PBXFileReference; fileEncoding = 4; lastKnownFileType = text; path = rotate_normalized_axis.inl; sourceTree = "<group>"; };
		C96E76C919F8FF7E00148261 /* rotate_vector.hpp */ = {isa = PBXFileReference; fileEncoding = 4; lastKnownFileType = sourcecode.cpp.h; path = rotate_vector.hpp; sourceTree = "<group>"; };
		C96E76CA19F8FF7E00148261 /* rotate_vector.inl */ = {isa = PBXFileReference; fileEncoding = 4; lastKnownFileType = text; path = rotate_vector.inl; sourceTree = "<group>"; };
		C96E76CB19F8FF7E00148261 /* scalar_relational.hpp */ = {isa = PBXFileReference; fileEncoding = 4; lastKnownFileType = sourcecode.cpp.h; path = scalar_relational.hpp; sourceTree = "<group>"; };
		C96E76CC19F8FF7E00148261 /* scalar_relational.inl */ = {isa = PBXFileReference; fileEncoding = 4; lastKnownFileType = text; path = scalar_relational.inl; sourceTree = "<group>"; };
		C96E76CD19F8FF7E00148261 /* simd_mat4.hpp */ = {isa = PBXFileReference; fileEncoding = 4; lastKnownFileType = sourcecode.cpp.h; path = simd_mat4.hpp; sourceTree = "<group>"; };
		C96E76CE19F8FF7E00148261 /* simd_mat4.inl */ = {isa = PBXFileReference; fileEncoding = 4; lastKnownFileType = text; path = simd_mat4.inl; sourceTree = "<group>"; };
		C96E76CF19F8FF7E00148261 /* simd_quat.hpp */ = {isa = PBXFileReference; fileEncoding = 4; lastKnownFileType = sourcecode.cpp.h; path = simd_quat.hpp; sourceTree = "<group>"; };
		C96E76D019F8FF7E00148261 /* simd_quat.inl */ = {isa = PBXFileReference; fileEncoding = 4; lastKnownFileType = text; path = simd_quat.inl; sourceTree = "<group>"; };
		C96E76D119F8FF7E00148261 /* simd_vec4.hpp */ = {isa = PBXFileReference; fileEncoding = 4; lastKnownFileType = sourcecode.cpp.h; path = simd_vec4.hpp; sourceTree = "<group>"; };
		C96E76D219F8FF7E00148261 /* simd_vec4.inl */ = {isa = PBXFileReference; fileEncoding = 4; lastKnownFileType = text; path = simd_vec4.inl; sourceTree = "<group>"; };
		C96E76D319F8FF7E00148261 /* spline.hpp */ = {isa = PBXFileReference; fileEncoding = 4; lastKnownFileType = sourcecode.cpp.h; path = spline.hpp; sourceTree = "<group>"; };
		C96E76D419F8FF7E00148261 /* spline.inl */ = {isa = PBXFileReference; fileEncoding = 4; lastKnownFileType = text; path = spline.inl; sourceTree = "<group>"; };
		C96E76D519F8FF7E00148261 /* std_based_type.hpp */ = {isa = PBXFileReference; fileEncoding = 4; lastKnownFileType = sourcecode.cpp.h; path = std_based_type.hpp; sourceTree = "<group>"; };
		C96E76D619F8FF7E00148261 /* std_based_type.inl */ = {isa = PBXFileReference; fileEncoding = 4; lastKnownFileType = text; path = std_based_type.inl; sourceTree = "<group>"; };
		C96E76D719F8FF7E00148261 /* string_cast.hpp */ = {isa = PBXFileReference; fileEncoding = 4; lastKnownFileType = sourcecode.cpp.h; path = string_cast.hpp; sourceTree = "<group>"; };
		C96E76D819F8FF7E00148261 /* string_cast.inl */ = {isa = PBXFileReference; fileEncoding = 4; lastKnownFileType = text; path = string_cast.inl; sourceTree = "<group>"; };
		C96E76D919F8FF7E00148261 /* transform.hpp */ = {isa = PBXFileReference; fileEncoding = 4; lastKnownFileType = sourcecode.cpp.h; path = transform.hpp; sourceTree = "<group>"; };
		C96E76DA19F8FF7E00148261 /* transform.inl */ = {isa = PBXFileReference; fileEncoding = 4; lastKnownFileType = text; path = transform.inl; sourceTree = "<group>"; };
		C96E76DB19F8FF7E00148261 /* transform2.hpp */ = {isa = PBXFileReference; fileEncoding = 4; lastKnownFileType = sourcecode.cpp.h; path = transform2.hpp; sourceTree = "<group>"; };
		C96E76DC19F8FF7E00148261 /* transform2.inl */ = {isa = PBXFileReference; fileEncoding = 4; lastKnownFileType = text; path = transform2.inl; sourceTree = "<group>"; };
		C96E76DD19F8FF7E00148261 /* ulp.hpp */ = {isa = PBXFileReference; fileEncoding = 4; lastKnownFileType = sourcecode.cpp.h; path = ulp.hpp; sourceTree = "<group>"; };
		C96E76DE19F8FF7E00148261 /* unsigned_int.hpp */ = {isa = PBXFileReference; fileEncoding = 4; lastKnownFileType = sourcecode.cpp.h; path = unsigned_int.hpp; sourceTree = "<group>"; };
		C96E76DF19F8FF7E00148261 /* unsigned_int.inl */ = {isa = PBXFileReference; fileEncoding = 4; lastKnownFileType = text; path = unsigned_int.inl; sourceTree = "<group>"; };
		C96E76E019F8FF7E00148261 /* vec1.hpp */ = {isa = PBXFileReference; fileEncoding = 4; lastKnownFileType = sourcecode.cpp.h; path = vec1.hpp; sourceTree = "<group>"; };
		C96E76E119F8FF7E00148261 /* vec1.inl */ = {isa = PBXFileReference; fileEncoding = 4; lastKnownFileType = text; path = vec1.inl; sourceTree = "<group>"; };
		C96E76E219F8FF7E00148261 /* vector_angle.hpp */ = {isa = PBXFileReference; fileEncoding = 4; lastKnownFileType = sourcecode.cpp.h; path = vector_angle.hpp; sourceTree = "<group>"; };
		C96E76E319F8FF7E00148261 /* vector_angle.inl */ = {isa = PBXFileReference; fileEncoding = 4; lastKnownFileType = text; path = vector_angle.inl; sourceTree = "<group>"; };
		C96E76E419F8FF7E00148261 /* vector_query.hpp */ = {isa = PBXFileReference; fileEncoding = 4; lastKnownFileType = sourcecode.cpp.h; path = vector_query.hpp; sourceTree = "<group>"; };
		C96E76E519F8FF7E00148261 /* vector_query.inl */ = {isa = PBXFileReference; fileEncoding = 4; lastKnownFileType = text; path = vector_query.inl; sourceTree = "<group>"; };
		C96E76E619F8FF7E00148261 /* wrap.hpp */ = {isa = PBXFileReference; fileEncoding = 4; lastKnownFileType = sourcecode.cpp.h; path = wrap.hpp; sourceTree = "<group>"; };
		C96E76E719F8FF7E00148261 /* wrap.inl */ = {isa = PBXFileReference; fileEncoding = 4; lastKnownFileType = text; path = wrap.inl; sourceTree = "<group>"; };
		C96E76E819F8FF7E00148261 /* integer.hpp */ = {isa = PBXFileReference; fileEncoding = 4; lastKnownFileType = sourcecode.cpp.h; path = integer.hpp; sourceTree = "<group>"; };
		C96E76E919F8FF7E00148261 /* mat2x2.hpp */ = {isa = PBXFileReference; fileEncoding = 4; lastKnownFileType = sourcecode.cpp.h; path = mat2x2.hpp; sourceTree = "<group>"; };
		C96E76EA19F8FF7E00148261 /* mat2x3.hpp */ = {isa = PBXFileReference; fileEncoding = 4; lastKnownFileType = sourcecode.cpp.h; path = mat2x3.hpp; sourceTree = "<group>"; };
		C96E76EB19F8FF7E00148261 /* mat2x4.hpp */ = {isa = PBXFileReference; fileEncoding = 4; lastKnownFileType = sourcecode.cpp.h; path = mat2x4.hpp; sourceTree = "<group>"; };
		C96E76EC19F8FF7E00148261 /* mat3x2.hpp */ = {isa = PBXFileReference; fileEncoding = 4; lastKnownFileType = sourcecode.cpp.h; path = mat3x2.hpp; sourceTree = "<group>"; };
		C96E76ED19F8FF7E00148261 /* mat3x3.hpp */ = {isa = PBXFileReference; fileEncoding = 4; lastKnownFileType = sourcecode.cpp.h; path = mat3x3.hpp; sourceTree = "<group>"; };
		C96E76EE19F8FF7E00148261 /* mat3x4.hpp */ = {isa = PBXFileReference; fileEncoding = 4; lastKnownFileType = sourcecode.cpp.h; path = mat3x4.hpp; sourceTree = "<group>"; };
		C96E76EF19F8FF7E00148261 /* mat4x2.hpp */ = {isa = PBXFileReference; fileEncoding = 4; lastKnownFileType = sourcecode.cpp.h; path = mat4x2.hpp; sourceTree = "<group>"; };
		C96E76F019F8FF7E00148261 /* mat4x3.hpp */ = {isa = PBXFileReference; fileEncoding = 4; lastKnownFileType = sourcecode.cpp.h; path = mat4x3.hpp; sourceTree = "<group>"; };
		C96E76F119F8FF7E00148261 /* mat4x4.hpp */ = {isa = PBXFileReference; fileEncoding = 4; lastKnownFileType = sourcecode.cpp.h; path = mat4x4.hpp; sourceTree = "<group>"; };
		C96E76F219F8FF7E00148261 /* matrix.hpp */ = {isa = PBXFileReference; fileEncoding = 4; lastKnownFileType = sourcecode.cpp.h; path = matrix.hpp; sourceTree = "<group>"; };
		C96E76F319F8FF7E00148261 /* packing.hpp */ = {isa = PBXFileReference; fileEncoding = 4; lastKnownFileType = sourcecode.cpp.h; path = packing.hpp; sourceTree = "<group>"; };
		C96E76F419F8FF7E00148261 /* trigonometric.hpp */ = {isa = PBXFileReference; fileEncoding = 4; lastKnownFileType = sourcecode.cpp.h; path = trigonometric.hpp; sourceTree = "<group>"; };
		C96E76F519F8FF7E00148261 /* vec2.hpp */ = {isa = PBXFileReference; fileEncoding = 4; lastKnownFileType = sourcecode.cpp.h; path = vec2.hpp; sourceTree = "<group>"; };
		C96E76F619F8FF7E00148261 /* vec3.hpp */ = {isa = PBXFileReference; fileEncoding = 4; lastKnownFileType = sourcecode.cpp.h; path = vec3.hpp; sourceTree = "<group>"; };
		C96E76F719F8FF7E00148261 /* vec4.hpp */ = {isa = PBXFileReference; fileEncoding = 4; lastKnownFileType = sourcecode.cpp.h; path = vec4.hpp; sourceTree = "<group>"; };
		C96E76F819F8FF7E00148261 /* vector_relational.hpp */ = {isa = PBXFileReference; fileEncoding = 4; lastKnownFileType = sourcecode.cpp.h; path = vector_relational.hpp; sourceTree = "<group>"; };
		C96E76FC19F951CB00148261 /* csg.h */ = {isa = PBXFileReference; fileEncoding = 4; lastKnownFileType = sourcecode.c.h; path = csg.h; sourceTree = "<group>"; };
		C96E76FF19F951E800148261 /* main.cpp */ = {isa = PBXFileReference; fileEncoding = 4; lastKnownFileType = sourcecode.cpp.cpp; path = main.cpp; sourceTree = "<group>"; };
		C96E770119F951FB00148261 /* csg.cpp */ = {isa = PBXFileReference; fileEncoding = 4; lastKnownFileType = sourcecode.cpp.cpp; path = csg.cpp; sourceTree = "<group>"; };
		C9A41EB21A50ACB300DE285E /* obj.cpp */ = {isa = PBXFileReference; fileEncoding = 4; lastKnownFileType = sourcecode.cpp.cpp; path = obj.cpp; sourceTree = "<group>"; };
		C9A60E6819FBD79300C8297B /* cpputils.xcodeproj */ = {isa = PBXFileReference; lastKnownFileType = "wrapper.pb-project"; name = cpputils.xcodeproj; path = cpputils/cpputils.xcodeproj; sourceTree = SOURCE_ROOT; };
		C9AD92861A45941C00736AF9 /* glm.h */ = {isa = PBXFileReference; lastKnownFileType = sourcecode.c.h; path = glm.h; sourceTree = "<group>"; };
		C9E910CC1A07C3C0005A1AF0 /* NOTES.md */ = {isa = PBXFileReference; lastKnownFileType = net.daringfireball.markdown; path = NOTES.md; sourceTree = "<group>"; };
		C9EAC3911A4725B5001CB704 /* octree.h */ = {isa = PBXFileReference; lastKnownFileType = sourcecode.c.h; path = octree.h; sourceTree = "<group>"; xcLanguageSpecificationIdentifier = xcode.lang.cpp; };
		C9EAC3931A474BC2001CB704 /* octree.cpp */ = {isa = PBXFileReference; fileEncoding = 4; lastKnownFileType = sourcecode.cpp.cpp; path = octree.cpp; sourceTree = "<group>"; };
/* End PBXFileReference section */

/* Begin PBXFrameworksBuildPhase section */
		C96E75E319F8F69B00148261 /* Frameworks */ = {
			isa = PBXFrameworksBuildPhase;
			buildActionMask = 2147483647;
			files = (
			);
			runOnlyForDeploymentPostprocessing = 0;
		};
/* End PBXFrameworksBuildPhase section */

/* Begin PBXGroup section */
		C96E75DD19F8F69B00148261 = {
			isa = PBXGroup;
			children = (
				C9A60E6819FBD79300C8297B /* cpputils.xcodeproj */,
				C96E75F519F8F9B700148261 /* README.md */,
				C9E910CC1A07C3C0005A1AF0 /* NOTES.md */,
				C96E75F819F8FF7E00148261 /* glm */,
				C96E76FB19F951CB00148261 /* include */,
				C96E75F019F8F6DD00148261 /* src */,
				C96E76FE19F951E800148261 /* test */,
				C96E75E719F8F69B00148261 /* Products */,
			);
			sourceTree = "<group>";
		};
		C96E75E719F8F69B00148261 /* Products */ = {
			isa = PBXGroup;
			children = (
				C96E75E619F8F69B00148261 /* ocmesh */,
			);
			name = Products;
			sourceTree = "<group>";
		};
		C96E75F019F8F6DD00148261 /* src */ = {
			isa = PBXGroup;
			children = (
				C96E770119F951FB00148261 /* csg.cpp */,
				C95005301A4AF478009BD371 /* csg_parser.cpp */,
				C9EAC3931A474BC2001CB704 /* octree.cpp */,
				C9A41EB21A50ACB300DE285E /* obj.cpp */,
			);
			path = src;
			sourceTree = "<group>";
		};
		C96E75F819F8FF7E00148261 /* glm */ = {
			isa = PBXGroup;
			children = (
				C96E75F919F8FF7E00148261 /* glm */,
			);
			path = glm;
			sourceTree = "<group>";
		};
		C96E75F919F8FF7E00148261 /* glm */ = {
			isa = PBXGroup;
			children = (
				C96E75FA19F8FF7E00148261 /* CMakeLists.txt */,
				C96E75FB19F8FF7E00148261 /* common.hpp */,
				C96E75FC19F8FF7E00148261 /* detail */,
				C96E764E19F8FF7E00148261 /* exponential.hpp */,
				C96E764F19F8FF7E00148261 /* ext.hpp */,
				C96E765019F8FF7E00148261 /* fwd.hpp */,
				C96E765119F8FF7E00148261 /* geometric.hpp */,
				C96E765219F8FF7E00148261 /* glm.hpp */,
				C96E765319F8FF7E00148261 /* gtc */,
				C96E766F19F8FF7E00148261 /* gtx */,
				C96E76E819F8FF7E00148261 /* integer.hpp */,
				C96E76E919F8FF7E00148261 /* mat2x2.hpp */,
				C96E76EA19F8FF7E00148261 /* mat2x3.hpp */,
				C96E76EB19F8FF7E00148261 /* mat2x4.hpp */,
				C96E76EC19F8FF7E00148261 /* mat3x2.hpp */,
				C96E76ED19F8FF7E00148261 /* mat3x3.hpp */,
				C96E76EE19F8FF7E00148261 /* mat3x4.hpp */,
				C96E76EF19F8FF7E00148261 /* mat4x2.hpp */,
				C96E76F019F8FF7E00148261 /* mat4x3.hpp */,
				C96E76F119F8FF7E00148261 /* mat4x4.hpp */,
				C96E76F219F8FF7E00148261 /* matrix.hpp */,
				C96E76F319F8FF7E00148261 /* packing.hpp */,
				C96E76F419F8FF7E00148261 /* trigonometric.hpp */,
				C96E76F519F8FF7E00148261 /* vec2.hpp */,
				C96E76F619F8FF7E00148261 /* vec3.hpp */,
				C96E76F719F8FF7E00148261 /* vec4.hpp */,
				C96E76F819F8FF7E00148261 /* vector_relational.hpp */,
			);
			path = glm;
			sourceTree = "<group>";
		};
		C96E75FC19F8FF7E00148261 /* detail */ = {
			isa = PBXGroup;
			children = (
				C96E75FD19F8FF7E00148261 /* _features.hpp */,
				C96E75FE19F8FF7E00148261 /* _fixes.hpp */,
				C96E75FF19F8FF7E00148261 /* _literals.hpp */,
				C96E760019F8FF7E00148261 /* _noise.hpp */,
				C96E760119F8FF7E00148261 /* _swizzle.hpp */,
				C96E760219F8FF7E00148261 /* _swizzle_func.hpp */,
				C96E760319F8FF7E00148261 /* _vectorize.hpp */,
				C96E760419F8FF7E00148261 /* dummy.cpp */,
				C96E760519F8FF7E00148261 /* func_common.hpp */,
				C96E760619F8FF7E00148261 /* func_common.inl */,
				C96E760719F8FF7E00148261 /* func_exponential.hpp */,
				C96E760819F8FF7E00148261 /* func_exponential.inl */,
				C96E760919F8FF7E00148261 /* func_geometric.hpp */,
				C96E760A19F8FF7E00148261 /* func_geometric.inl */,
				C96E760B19F8FF7E00148261 /* func_integer.hpp */,
				C96E760C19F8FF7E00148261 /* func_integer.inl */,
				C96E760D19F8FF7E00148261 /* func_matrix.hpp */,
				C96E760E19F8FF7E00148261 /* func_matrix.inl */,
				C96E760F19F8FF7E00148261 /* func_noise.hpp */,
				C96E761019F8FF7E00148261 /* func_noise.inl */,
				C96E761119F8FF7E00148261 /* func_packing.hpp */,
				C96E761219F8FF7E00148261 /* func_packing.inl */,
				C96E761319F8FF7E00148261 /* func_trigonometric.hpp */,
				C96E761419F8FF7E00148261 /* func_trigonometric.inl */,
				C96E761519F8FF7E00148261 /* func_vector_relational.hpp */,
				C96E761619F8FF7E00148261 /* func_vector_relational.inl */,
				C96E761719F8FF7E00148261 /* glm.cpp */,
				C96E761819F8FF7E00148261 /* hint.hpp */,
				C96E761919F8FF7E00148261 /* intrinsic_common.hpp */,
				C96E761A19F8FF7E00148261 /* intrinsic_common.inl */,
				C96E761B19F8FF7E00148261 /* intrinsic_exponential.hpp */,
				C96E761C19F8FF7E00148261 /* intrinsic_exponential.inl */,
				C96E761D19F8FF7E00148261 /* intrinsic_geometric.hpp */,
				C96E761E19F8FF7E00148261 /* intrinsic_geometric.inl */,
				C96E761F19F8FF7E00148261 /* intrinsic_integer.hpp */,
				C96E762019F8FF7E00148261 /* intrinsic_integer.inl */,
				C96E762119F8FF7E00148261 /* intrinsic_matrix.hpp */,
				C96E762219F8FF7E00148261 /* intrinsic_matrix.inl */,
				C96E762319F8FF7E00148261 /* intrinsic_trigonometric.hpp */,
				C96E762419F8FF7E00148261 /* intrinsic_trigonometric.inl */,
				C96E762519F8FF7E00148261 /* intrinsic_vector_relational.hpp */,
				C96E762619F8FF7E00148261 /* intrinsic_vector_relational.inl */,
				C96E762719F8FF7E00148261 /* precision.hpp */,
				C96E762819F8FF7E00148261 /* precision.inl */,
				C96E762919F8FF7E00148261 /* setup.hpp */,
				C96E762A19F8FF7E00148261 /* type_float.hpp */,
				C96E762B19F8FF7E00148261 /* type_gentype.hpp */,
				C96E762C19F8FF7E00148261 /* type_gentype.inl */,
				C96E762D19F8FF7E00148261 /* type_half.hpp */,
				C96E762E19F8FF7E00148261 /* type_half.inl */,
				C96E762F19F8FF7E00148261 /* type_int.hpp */,
				C96E763019F8FF7E00148261 /* type_mat.hpp */,
				C96E763119F8FF7E00148261 /* type_mat.inl */,
				C96E763219F8FF7E00148261 /* type_mat2x2.hpp */,
				C96E763319F8FF7E00148261 /* type_mat2x2.inl */,
				C96E763419F8FF7E00148261 /* type_mat2x3.hpp */,
				C96E763519F8FF7E00148261 /* type_mat2x3.inl */,
				C96E763619F8FF7E00148261 /* type_mat2x4.hpp */,
				C96E763719F8FF7E00148261 /* type_mat2x4.inl */,
				C96E763819F8FF7E00148261 /* type_mat3x2.hpp */,
				C96E763919F8FF7E00148261 /* type_mat3x2.inl */,
				C96E763A19F8FF7E00148261 /* type_mat3x3.hpp */,
				C96E763B19F8FF7E00148261 /* type_mat3x3.inl */,
				C96E763C19F8FF7E00148261 /* type_mat3x4.hpp */,
				C96E763D19F8FF7E00148261 /* type_mat3x4.inl */,
				C96E763E19F8FF7E00148261 /* type_mat4x2.hpp */,
				C96E763F19F8FF7E00148261 /* type_mat4x2.inl */,
				C96E764019F8FF7E00148261 /* type_mat4x3.hpp */,
				C96E764119F8FF7E00148261 /* type_mat4x3.inl */,
				C96E764219F8FF7E00148261 /* type_mat4x4.hpp */,
				C96E764319F8FF7E00148261 /* type_mat4x4.inl */,
				C96E764419F8FF7E00148261 /* type_vec.hpp */,
				C96E764519F8FF7E00148261 /* type_vec.inl */,
				C96E764619F8FF7E00148261 /* type_vec1.hpp */,
				C96E764719F8FF7E00148261 /* type_vec1.inl */,
				C96E764819F8FF7E00148261 /* type_vec2.hpp */,
				C96E764919F8FF7E00148261 /* type_vec2.inl */,
				C96E764A19F8FF7E00148261 /* type_vec3.hpp */,
				C96E764B19F8FF7E00148261 /* type_vec3.inl */,
				C96E764C19F8FF7E00148261 /* type_vec4.hpp */,
				C96E764D19F8FF7E00148261 /* type_vec4.inl */,
			);
			path = detail;
			sourceTree = "<group>";
		};
		C96E765319F8FF7E00148261 /* gtc */ = {
			isa = PBXGroup;
			children = (
				C96E765419F8FF7E00148261 /* constants.hpp */,
				C96E765519F8FF7E00148261 /* constants.inl */,
				C96E765619F8FF7E00148261 /* epsilon.hpp */,
				C96E765719F8FF7E00148261 /* epsilon.inl */,
				C96E765819F8FF7E00148261 /* matrix_access.hpp */,
				C96E765919F8FF7E00148261 /* matrix_access.inl */,
				C96E765A19F8FF7E00148261 /* matrix_integer.hpp */,
				C96E765B19F8FF7E00148261 /* matrix_inverse.hpp */,
				C96E765C19F8FF7E00148261 /* matrix_inverse.inl */,
				C96E765D19F8FF7E00148261 /* matrix_transform.hpp */,
				C96E765E19F8FF7E00148261 /* matrix_transform.inl */,
				C96E765F19F8FF7E00148261 /* noise.hpp */,
				C96E766019F8FF7E00148261 /* noise.inl */,
				C96E766119F8FF7E00148261 /* packing.hpp */,
				C96E766219F8FF7E00148261 /* packing.inl */,
				C96E766319F8FF7E00148261 /* quaternion.hpp */,
				C96E766419F8FF7E00148261 /* quaternion.inl */,
				C96E766519F8FF7E00148261 /* random.hpp */,
				C96E766619F8FF7E00148261 /* random.inl */,
				C96E766719F8FF7E00148261 /* reciprocal.hpp */,
				C96E766819F8FF7E00148261 /* reciprocal.inl */,
				C96E766919F8FF7E00148261 /* type_precision.hpp */,
				C96E766A19F8FF7E00148261 /* type_precision.inl */,
				C96E766B19F8FF7E00148261 /* type_ptr.hpp */,
				C96E766C19F8FF7E00148261 /* type_ptr.inl */,
				C96E766D19F8FF7E00148261 /* ulp.hpp */,
				C96E766E19F8FF7E00148261 /* ulp.inl */,
			);
			path = gtc;
			sourceTree = "<group>";
		};
		C96E766F19F8FF7E00148261 /* gtx */ = {
			isa = PBXGroup;
			children = (
				C96E767019F8FF7E00148261 /* associated_min_max.hpp */,
				C96E767119F8FF7E00148261 /* associated_min_max.inl */,
				C96E767219F8FF7E00148261 /* bit.hpp */,
				C96E767319F8FF7E00148261 /* bit.inl */,
				C96E767419F8FF7E00148261 /* closest_point.hpp */,
				C96E767519F8FF7E00148261 /* closest_point.inl */,
				C96E767619F8FF7E00148261 /* color_space.hpp */,
				C96E767719F8FF7E00148261 /* color_space.inl */,
				C96E767819F8FF7E00148261 /* color_space_YCoCg.hpp */,
				C96E767919F8FF7E00148261 /* color_space_YCoCg.inl */,
				C96E767A19F8FF7E00148261 /* compatibility.hpp */,
				C96E767B19F8FF7E00148261 /* compatibility.inl */,
				C96E767C19F8FF7E00148261 /* component_wise.hpp */,
				C96E767D19F8FF7E00148261 /* component_wise.inl */,
				C96E767E19F8FF7E00148261 /* constants.hpp */,
				C96E767F19F8FF7E00148261 /* dual_quaternion.hpp */,
				C96E768019F8FF7E00148261 /* dual_quaternion.inl */,
				C96E768119F8FF7E00148261 /* epsilon.hpp */,
				C96E768219F8FF7E00148261 /* euler_angles.hpp */,
				C96E768319F8FF7E00148261 /* euler_angles.inl */,
				C96E768419F8FF7E00148261 /* extend.hpp */,
				C96E768519F8FF7E00148261 /* extend.inl */,
				C96E768619F8FF7E00148261 /* extented_min_max.hpp */,
				C96E768719F8FF7E00148261 /* extented_min_max.inl */,
				C96E768819F8FF7E00148261 /* fast_exponential.hpp */,
				C96E768919F8FF7E00148261 /* fast_exponential.inl */,
				C96E768A19F8FF7E00148261 /* fast_square_root.hpp */,
				C96E768B19F8FF7E00148261 /* fast_square_root.inl */,
				C96E768C19F8FF7E00148261 /* fast_trigonometry.hpp */,
				C96E768D19F8FF7E00148261 /* fast_trigonometry.inl */,
				C96E768E19F8FF7E00148261 /* gradient_paint.hpp */,
				C96E768F19F8FF7E00148261 /* gradient_paint.inl */,
				C96E769019F8FF7E00148261 /* handed_coordinate_space.hpp */,
				C96E769119F8FF7E00148261 /* handed_coordinate_space.inl */,
				C96E769219F8FF7E00148261 /* inertia.hpp */,
				C96E769319F8FF7E00148261 /* inertia.inl */,
				C96E769419F8FF7E00148261 /* int_10_10_10_2.hpp */,
				C96E769519F8FF7E00148261 /* int_10_10_10_2.inl */,
				C96E769619F8FF7E00148261 /* integer.hpp */,
				C96E769719F8FF7E00148261 /* integer.inl */,
				C96E769819F8FF7E00148261 /* intersect.hpp */,
				C96E769919F8FF7E00148261 /* intersect.inl */,
				C96E769A19F8FF7E00148261 /* io.hpp */,
				C96E769B19F8FF7E00148261 /* io.inl */,
				C96E769C19F8FF7E00148261 /* log_base.hpp */,
				C96E769D19F8FF7E00148261 /* log_base.inl */,
				C96E769E19F8FF7E00148261 /* matrix_cross_product.hpp */,
				C96E769F19F8FF7E00148261 /* matrix_cross_product.inl */,
				C96E76A019F8FF7E00148261 /* matrix_interpolation.hpp */,
				C96E76A119F8FF7E00148261 /* matrix_interpolation.inl */,
				C96E76A219F8FF7E00148261 /* matrix_major_storage.hpp */,
				C96E76A319F8FF7E00148261 /* matrix_major_storage.inl */,
				C96E76A419F8FF7E00148261 /* matrix_operation.hpp */,
				C96E76A519F8FF7E00148261 /* matrix_operation.inl */,
				C96E76A619F8FF7E00148261 /* matrix_query.hpp */,
				C96E76A719F8FF7E00148261 /* matrix_query.inl */,
				C96E76A819F8FF7E00148261 /* matrix_transform_2d.hpp */,
				C96E76A919F8FF7E00148261 /* matrix_transform_2d.inl */,
				C96E76AA19F8FF7E00148261 /* mixed_product.hpp */,
				C96E76AB19F8FF7E00148261 /* mixed_product.inl */,
				C96E76AC19F8FF7E00148261 /* multiple.hpp */,
				C96E76AD19F8FF7E00148261 /* multiple.inl */,
				C96E76AE19F8FF7E00148261 /* noise.hpp */,
				C96E76AF19F8FF7E00148261 /* norm.hpp */,
				C96E76B019F8FF7E00148261 /* norm.inl */,
				C96E76B119F8FF7E00148261 /* normal.hpp */,
				C96E76B219F8FF7E00148261 /* normal.inl */,
				C96E76B319F8FF7E00148261 /* normalize_dot.hpp */,
				C96E76B419F8FF7E00148261 /* normalize_dot.inl */,
				C96E76B519F8FF7E00148261 /* number_precision.hpp */,
				C96E76B619F8FF7E00148261 /* number_precision.inl */,
				C96E76B719F8FF7E00148261 /* optimum_pow.hpp */,
				C96E76B819F8FF7E00148261 /* optimum_pow.inl */,
				C96E76B919F8FF7E00148261 /* orthonormalize.hpp */,
				C96E76BA19F8FF7E00148261 /* orthonormalize.inl */,
				C96E76BB19F8FF7E00148261 /* perpendicular.hpp */,
				C96E76BC19F8FF7E00148261 /* perpendicular.inl */,
				C96E76BD19F8FF7E00148261 /* polar_coordinates.hpp */,
				C96E76BE19F8FF7E00148261 /* polar_coordinates.inl */,
				C96E76BF19F8FF7E00148261 /* projection.hpp */,
				C96E76C019F8FF7E00148261 /* projection.inl */,
				C96E76C119F8FF7E00148261 /* quaternion.hpp */,
				C96E76C219F8FF7E00148261 /* quaternion.inl */,
				C96E76C319F8FF7E00148261 /* random.hpp */,
				C96E76C419F8FF7E00148261 /* raw_data.hpp */,
				C96E76C519F8FF7E00148261 /* raw_data.inl */,
				C96E76C619F8FF7E00148261 /* reciprocal.hpp */,
				C96E76C719F8FF7E00148261 /* rotate_normalized_axis.hpp */,
				C96E76C819F8FF7E00148261 /* rotate_normalized_axis.inl */,
				C96E76C919F8FF7E00148261 /* rotate_vector.hpp */,
				C96E76CA19F8FF7E00148261 /* rotate_vector.inl */,
				C96E76CB19F8FF7E00148261 /* scalar_relational.hpp */,
				C96E76CC19F8FF7E00148261 /* scalar_relational.inl */,
				C96E76CD19F8FF7E00148261 /* simd_mat4.hpp */,
				C96E76CE19F8FF7E00148261 /* simd_mat4.inl */,
				C96E76CF19F8FF7E00148261 /* simd_quat.hpp */,
				C96E76D019F8FF7E00148261 /* simd_quat.inl */,
				C96E76D119F8FF7E00148261 /* simd_vec4.hpp */,
				C96E76D219F8FF7E00148261 /* simd_vec4.inl */,
				C96E76D319F8FF7E00148261 /* spline.hpp */,
				C96E76D419F8FF7E00148261 /* spline.inl */,
				C96E76D519F8FF7E00148261 /* std_based_type.hpp */,
				C96E76D619F8FF7E00148261 /* std_based_type.inl */,
				C96E76D719F8FF7E00148261 /* string_cast.hpp */,
				C96E76D819F8FF7E00148261 /* string_cast.inl */,
				C96E76D919F8FF7E00148261 /* transform.hpp */,
				C96E76DA19F8FF7E00148261 /* transform.inl */,
				C96E76DB19F8FF7E00148261 /* transform2.hpp */,
				C96E76DC19F8FF7E00148261 /* transform2.inl */,
				C96E76DD19F8FF7E00148261 /* ulp.hpp */,
				C96E76DE19F8FF7E00148261 /* unsigned_int.hpp */,
				C96E76DF19F8FF7E00148261 /* unsigned_int.inl */,
				C96E76E019F8FF7E00148261 /* vec1.hpp */,
				C96E76E119F8FF7E00148261 /* vec1.inl */,
				C96E76E219F8FF7E00148261 /* vector_angle.hpp */,
				C96E76E319F8FF7E00148261 /* vector_angle.inl */,
				C96E76E419F8FF7E00148261 /* vector_query.hpp */,
				C96E76E519F8FF7E00148261 /* vector_query.inl */,
				C96E76E619F8FF7E00148261 /* wrap.hpp */,
				C96E76E719F8FF7E00148261 /* wrap.inl */,
			);
			path = gtx;
			sourceTree = "<group>";
		};
		C96E76FB19F951CB00148261 /* include */ = {
			isa = PBXGroup;
			children = (
				C941E9AF19FD47E700ACEAF0 /* morton.h */,
				C92B71C01A41C64C00FDAC8E /* voxel.h */,
				C96E76FC19F951CB00148261 /* csg.h */,
				C9AD92861A45941C00736AF9 /* glm.h */,
				C9EAC3911A4725B5001CB704 /* octree.h */,
			);
			path = include;
			sourceTree = "<group>";
		};
		C96E76FE19F951E800148261 /* test */ = {
			isa = PBXGroup;
			children = (
				C96E76FF19F951E800148261 /* main.cpp */,
				C95005331A4AF934009BD371 /* test.csg */,
			);
			path = test;
			sourceTree = "<group>";
		};
		C976651F1A0A320C008FF705 /* Products */ = {
			isa = PBXGroup;
			children = (
				C97665231A0A320D008FF705 /* cpputils */,
			);
			name = Products;
			sourceTree = "<group>";
		};
/* End PBXGroup section */

/* Begin PBXNativeTarget section */
		C96E75E519F8F69B00148261 /* ocmesh */ = {
			isa = PBXNativeTarget;
			buildConfigurationList = C96E75ED19F8F69B00148261 /* Build configuration list for PBXNativeTarget "ocmesh" */;
			buildPhases = (
				C96E75E219F8F69B00148261 /* Sources */,
				C96E75E319F8F69B00148261 /* Frameworks */,
				C96E75E419F8F69B00148261 /* CopyFiles */,
			);
			buildRules = (
			);
			dependencies = (
			);
			name = ocmesh;
			productName = ocmesh;
			productReference = C96E75E619F8F69B00148261 /* ocmesh */;
			productType = "com.apple.product-type.tool";
		};
/* End PBXNativeTarget section */

/* Begin PBXProject section */
		C96E75DE19F8F69B00148261 /* Project object */ = {
			isa = PBXProject;
			attributes = {
				LastUpgradeCheck = 0610;
				ORGANIZATIONNAME = "Nicola Gigante";
				TargetAttributes = {
					C96E75E519F8F69B00148261 = {
						CreatedOnToolsVersion = 6.1;
					};
				};
			};
			buildConfigurationList = C96E75E119F8F69B00148261 /* Build configuration list for PBXProject "ocmesh" */;
			compatibilityVersion = "Xcode 3.2";
			developmentRegion = English;
			hasScannedForEncodings = 0;
			knownRegions = (
				en,
			);
			mainGroup = C96E75DD19F8F69B00148261;
			productRefGroup = C96E75E719F8F69B00148261 /* Products */;
			projectDirPath = "";
			projectReferences = (
				{
					ProductGroup = C976651F1A0A320C008FF705 /* Products */;
					ProjectRef = C9A60E6819FBD79300C8297B /* cpputils.xcodeproj */;
				},
			);
			projectRoot = "";
			targets = (
				C96E75E519F8F69B00148261 /* ocmesh */,
			);
		};
/* End PBXProject section */

/* Begin PBXReferenceProxy section */
		C97665231A0A320D008FF705 /* cpputils */ = {
			isa = PBXReferenceProxy;
			fileType = "compiled.mach-o.executable";
			path = cpputils;
			remoteRef = C97665221A0A320D008FF705 /* PBXContainerItemProxy */;
			sourceTree = BUILT_PRODUCTS_DIR;
		};
/* End PBXReferenceProxy section */

/* Begin PBXSourcesBuildPhase section */
		C96E75E219F8F69B00148261 /* Sources */ = {
			isa = PBXSourcesBuildPhase;
			buildActionMask = 2147483647;
			files = (
				C95005311A4AF478009BD371 /* csg_parser.cpp in Sources */,
				C96E770019F951E800148261 /* main.cpp in Sources */,
				C9EAC3941A474BC2001CB704 /* octree.cpp in Sources */,
				C96E770219F951FB00148261 /* csg.cpp in Sources */,
				C9A41EB41A50ACB300DE285E /* obj.cpp in Sources */,
			);
			runOnlyForDeploymentPostprocessing = 0;
		};
/* End PBXSourcesBuildPhase section */

/* Begin XCBuildConfiguration section */
		C96E75EB19F8F69B00148261 /* Debug */ = {
			isa = XCBuildConfiguration;
			buildSettings = {
				ALWAYS_SEARCH_USER_PATHS = NO;
				CLANG_CXX_LANGUAGE_STANDARD = "c++0x";
				CLANG_CXX_LIBRARY = "libc++";
				CLANG_ENABLE_MODULES = YES;
				CLANG_ENABLE_OBJC_ARC = YES;
				CLANG_WARN_BOOL_CONVERSION = YES;
				CLANG_WARN_CONSTANT_CONVERSION = YES;
				CLANG_WARN_DIRECT_OBJC_ISA_USAGE = YES_ERROR;
				CLANG_WARN_EMPTY_BODY = YES;
				CLANG_WARN_ENUM_CONVERSION = YES;
				CLANG_WARN_INT_CONVERSION = YES;
				CLANG_WARN_OBJC_ROOT_CLASS = YES_ERROR;
				CLANG_WARN_UNREACHABLE_CODE = YES;
				CLANG_WARN__DUPLICATE_METHOD_MATCH = YES;
				COPY_PHASE_STRIP = NO;
				ENABLE_STRICT_OBJC_MSGSEND = YES;
				GCC_C_LANGUAGE_STANDARD = gnu99;
				GCC_DYNAMIC_NO_PIC = NO;
				GCC_OPTIMIZATION_LEVEL = 0;
				GCC_PREPROCESSOR_DEFINITIONS = "DEBUG=1";
				GCC_SYMBOLS_PRIVATE_EXTERN = NO;
				GCC_WARN_64_TO_32_BIT_CONVERSION = YES;
				GCC_WARN_ABOUT_RETURN_TYPE = YES_ERROR;
				GCC_WARN_UNDECLARED_SELECTOR = YES;
				GCC_WARN_UNINITIALIZED_AUTOS = YES_AGGRESSIVE;
				GCC_WARN_UNUSED_FUNCTION = YES;
				GCC_WARN_UNUSED_VARIABLE = YES;
				HEADER_SEARCH_PATHS = (
					"$(inherited)",
					/Applications/Xcode.app/Contents/Developer/Toolchains/XcodeDefault.xctoolchain/usr/include,
					"$(SRCROOT)/glm",
					"$(SRCROOT)/cpputils/include",
				);
				MACOSX_DEPLOYMENT_TARGET = 10.9;
				MTL_ENABLE_DEBUG_INFO = YES;
				ONLY_ACTIVE_ARCH = YES;
				OTHER_CPLUSPLUSFLAGS = (
					"$(OTHER_CFLAGS)",
					"-DGLM_FORCE_SIZE_T_LENGTH",
					"-DGLM_FORCE_CXX11",
					"-DGLM_FORCE_RADIANS",
					"-DGLM_SWIZZLE",
				);
				SDKROOT = macosx;
				USER_HEADER_SEARCH_PATHS = "";
				WARNING_CFLAGS = (
					"-Weverything",
					"-Wno-c++98-compat",
					"-Wno-c++98-compat-pedantic",
					"-Wno-padded",
					"-Wno-float-equal",
					"-Wno-switch-enum",
				);
			};
			name = Debug;
		};
		C96E75EC19F8F69B00148261 /* Release */ = {
			isa = XCBuildConfiguration;
			buildSettings = {
				ALWAYS_SEARCH_USER_PATHS = NO;
				CLANG_CXX_LANGUAGE_STANDARD = "c++0x";
				CLANG_CXX_LIBRARY = "libc++";
				CLANG_ENABLE_MODULES = YES;
				CLANG_ENABLE_OBJC_ARC = YES;
				CLANG_WARN_BOOL_CONVERSION = YES;
				CLANG_WARN_CONSTANT_CONVERSION = YES;
				CLANG_WARN_DIRECT_OBJC_ISA_USAGE = YES_ERROR;
				CLANG_WARN_EMPTY_BODY = YES;
				CLANG_WARN_ENUM_CONVERSION = YES;
				CLANG_WARN_INT_CONVERSION = YES;
				CLANG_WARN_OBJC_ROOT_CLASS = YES_ERROR;
				CLANG_WARN_UNREACHABLE_CODE = YES;
				CLANG_WARN__DUPLICATE_METHOD_MATCH = YES;
				COPY_PHASE_STRIP = YES;
				DEBUG_INFORMATION_FORMAT = "dwarf-with-dsym";
				ENABLE_NS_ASSERTIONS = NO;
				ENABLE_STRICT_OBJC_MSGSEND = YES;
				GCC_C_LANGUAGE_STANDARD = gnu99;
				GCC_OPTIMIZATION_LEVEL = fast;
				GCC_PREPROCESSOR_DEFINITIONS = NDEBUG;
				GCC_WARN_64_TO_32_BIT_CONVERSION = YES;
				GCC_WARN_ABOUT_RETURN_TYPE = YES_ERROR;
				GCC_WARN_UNDECLARED_SELECTOR = YES;
				GCC_WARN_UNINITIALIZED_AUTOS = YES_AGGRESSIVE;
				GCC_WARN_UNUSED_FUNCTION = YES;
				GCC_WARN_UNUSED_VARIABLE = YES;
				HEADER_SEARCH_PATHS = (
					"$(inherited)",
					/Applications/Xcode.app/Contents/Developer/Toolchains/XcodeDefault.xctoolchain/usr/include,
					"$(SRCROOT)/glm",
					"$(SRCROOT)/cpputils/include",
				);
				MACOSX_DEPLOYMENT_TARGET = 10.9;
				MTL_ENABLE_DEBUG_INFO = NO;
				OTHER_CPLUSPLUSFLAGS = (
					"$(OTHER_CFLAGS)",
					"-DGLM_FORCE_SIZE_T_LENGTH",
					"-DGLM_FORCE_CXX11",
					"-DGLM_FORCE_RADIANS",
					"-DGLM_SWIZZLE",
				);
				SDKROOT = macosx;
				USER_HEADER_SEARCH_PATHS = "";
				WARNING_CFLAGS = (
					"-Weverything",
					"-Wno-c++98-compat",
					"-Wno-c++98-compat-pedantic",
					"-Wno-padded",
					"-Wno-float-equal",
					"-Wno-switch-enum",
				);
			};
			name = Release;
		};
		C96E75EE19F8F69B00148261 /* Debug */ = {
			isa = XCBuildConfiguration;
			buildSettings = {
				MACOSX_DEPLOYMENT_TARGET = 10.9;
				OTHER_CPLUSPLUSFLAGS = "$(inherited)";
				PRODUCT_NAME = "$(TARGET_NAME)";
			};
			name = Debug;
		};
		C96E75EF19F8F69B00148261 /* Release */ = {
			isa = XCBuildConfiguration;
			buildSettings = {
				MACOSX_DEPLOYMENT_TARGET = 10.9;
				OTHER_CPLUSPLUSFLAGS = "$(inherited)";
				PRODUCT_NAME = "$(TARGET_NAME)";
			};
			name = Release;
		};
/* End XCBuildConfiguration section */

/* Begin XCConfigurationList section */
		C96E75E119F8F69B00148261 /* Build configuration list for PBXProject "ocmesh" */ = {
			isa = XCConfigurationList;
			buildConfigurations = (
				C96E75EB19F8F69B00148261 /* Debug */,
				C96E75EC19F8F69B00148261 /* Release */,
			);
			defaultConfigurationIsVisible = 0;
			defaultConfigurationName = Release;
		};
		C96E75ED19F8F69B00148261 /* Build configuration list for PBXNativeTarget "ocmesh" */ = {
			isa = XCConfigurationList;
			buildConfigurations = (
				C96E75EE19F8F69B00148261 /* Debug */,
				C96E75EF19F8F69B00148261 /* Release */,
			);
			defaultConfigurationIsVisible = 0;
			defaultConfigurationName = Release;
		};
/* End XCConfigurationList section */
	};
	rootObject = C96E75DE19F8F69B00148261 /* Project object */;
}
